Microsoft Visual Studio Solution File, Format Version 7.00
Project("{8BC9CEB8-8B4A-11D0-8D11-00A0C91BC942}") = "All", ".\All\All.vcproj", "{C7877A7E-B9C6-4F89-97F1-D11CB1F5B078}"
Project("{8BC9CEB8-8B4A-11D0-8D11-00A0C91BC942}") = "CORE_bzlib", ".\bzlib\CORE_bzlib_mt_dll.vcproj", "{472E3C81-BE01-404C-929E-911A15D70664}"
EndProject
Project("{8BC9CEB8-8B4A-11D0-8D11-00A0C91BC942}") = "CORE_jbig", ".\jbig\CORE_jbig_mt_dll.vcproj", "{4460B653-749A-448F-A9B7-8181751C97BA}"
EndProject
Project("{8BC9CEB8-8B4A-11D0-8D11-00A0C91BC942}") = "CORE_jp2", ".\jp2\CORE_jp2_mt_dll.vcproj", "{32A8676F-7D8F-4531-A882-B329CD69D622}"
EndProject
Project("{8BC9CEB8-8B4A-11D0-8D11-00A0C91BC942}") = "CORE_jpeg", ".\jpeg\CORE_jpeg_mt_dll.vcproj", "{ACA8913C-E932-4535-99C0-F1A54D299D99}"
EndProject
Project("{8BC9CEB8-8B4A-11D0-8D11-00A0C91BC942}") = "CORE_lcms", ".\lcms\CORE_lcms_mt_dll.vcproj", "{C451F13A-B3A1-4991-AC8B-BBFC1F91D46B}"
EndProject
Project("{8BC9CEB8-8B4A-11D0-8D11-00A0C91BC942}") = "CORE_libxml", ".\libxml\CORE_libxml_mt_dll.vcproj", "{0E8A3051-6DED-4748-BAEC-83142F41D3DB}"
EndProject
Project("{8BC9CEB8-8B4A-11D0-8D11-00A0C91BC942}") = "CORE_magick", ".\magick\CORE_magick_mt_dll.vcproj", "{686118BE-D165-4FF4-9C71-01888C1FA335}"
EndProject
Project("{8BC9CEB8-8B4A-11D0-8D11-00A0C91BC942}") = "CORE_Magick++", ".\Magick++\CORE_Magick++_mt_dll.vcproj", "{53188244-E612-4EBC-9C2F-41DE63D7A733}"
EndProject
Project("{8BC9CEB8-8B4A-11D0-8D11-00A0C91BC942}") = "CORE_png", ".\png\CORE_png_mt_dll.vcproj", "{F5398FEB-B6D1-4EEE-8DDB-D17E72E06F14}"
EndProject
Project("{8BC9CEB8-8B4A-11D0-8D11-00A0C91BC942}") = "CORE_tiff", ".\tiff\CORE_tiff_mt_dll.vcproj", "{2B37A51A-ADDD-4FDB-BFB7-219F0AF0EA8C}"
EndProject
Project("{8BC9CEB8-8B4A-11D0-8D11-00A0C91BC942}") = "CORE_ttf", ".\ttf\CORE_ttf_mt_dll.vcproj", "{50FB5CA8-6054-4EAA-966A-9C66943088BB}"
EndProject
Project("{8BC9CEB8-8B4A-11D0-8D11-00A0C91BC942}") = "CORE_wand", ".\wand\CORE_wand_mt_dll.vcproj", "{435FDE46-F3D4-4EDC-8631-AD6741119223}"
EndProject
Project("{8BC9CEB8-8B4A-11D0-8D11-00A0C91BC942}") = "CORE_webp", ".\webp\CORE_webp_mt_dll.vcproj", "{39809867-C808-4DE3-B87E-7AEFD17EB044}"
EndProject
Project("{8BC9CEB8-8B4A-11D0-8D11-00A0C91BC942}") = "CORE_xlib", ".\xlib\CORE_xlib_mt_dll.vcproj", "{7AFE514A-B77D-4EF8-B37B-90378743A25A}"
EndProject
Project("{8BC9CEB8-8B4A-11D0-8D11-00A0C91BC942}") = "CORE_zlib", ".\zlib\CORE_zlib_mt_dll.vcproj", "{273BD496-A6B2-47DC-A85B-BDB2F3F24F1B}"
EndProject
Project("{8BC9CEB8-8B4A-11D0-8D11-00A0C91BC942}") = "CORE_wmf", ".\wmf\CORE_wmf_mt_lib.vcproj", "{DD2F1882-14AD-443A-9114-7C9D0939A4E0}"
EndProject
Project("{8BC9CEB8-8B4A-11D0-8D11-00A0C91BC942}") = "IM_MOD_art", ".\coders\IM_MOD_art_mt_dll.vcproj", "{D312DD30-3B52-4185-83E5-A7DE52C04A90}"
EndProject
Project("{8BC9CEB8-8B4A-11D0-8D11-00A0C91BC942}") = "IM_MOD_avi", ".\coders\IM_MOD_avi_mt_dll.vcproj", "{1FCE35C9-4642-4125-8800-E00B7F140813}"
EndProject
Project("{8BC9CEB8-8B4A-11D0-8D11-00A0C91BC942}") = "IM_MOD_avs", ".\coders\IM_MOD_avs_mt_dll.vcproj", "{F2CD321F-985D-4A72-A686-996042F4C299}"
EndProject
Project("{8BC9CEB8-8B4A-11D0-8D11-00A0C91BC942}") = "IM_MOD_bmp", ".\coders\IM_MOD_bmp_mt_dll.vcproj", "{9452C8F0-46D7-43A2-ACFB-52BFF8B91560}"
EndProject
Project("{8BC9CEB8-8B4A-11D0-8D11-00A0C91BC942}") = "IM_MOD_cals", ".\coders\IM_MOD_cals_mt_dll.vcproj", "{E7A58A18-ADE2-4D99-9513-830232FD326E}"
EndProject
Project("{8BC9CEB8-8B4A-11D0-8D11-00A0C91BC942}") = "IM_MOD_caption", ".\coders\IM_MOD_caption_mt_dll.vcproj", "{B3BCCC73-4E97-41D8-9898-D54BD2C05292}"
EndProject
Project("{8BC9CEB8-8B4A-11D0-8D11-00A0C91BC942}") = "IM_MOD_cineon", ".\coders\IM_MOD_cineon_mt_dll.vcproj", "{E40B2720-2D7B-4D19-BDF7-DF3B832FE9B1}"
EndProject
Project("{8BC9CEB8-8B4A-11D0-8D11-00A0C91BC942}") = "IM_MOD_clipboard", ".\coders\IM_MOD_clipboard_mt_dll.vcproj", "{5FD7DB06-F80F-4CF8-A203-69B213BC1991}"
EndProject
Project("{8BC9CEB8-8B4A-11D0-8D11-00A0C91BC942}") = "IM_MOD_cmyk", ".\coders\IM_MOD_cmyk_mt_dll.vcproj", "{A83DBE87-304D-46D7-B31F-F583662E80E2}"
EndProject
Project("{8BC9CEB8-8B4A-11D0-8D11-00A0C91BC942}") = "IM_MOD_cut", ".\coders\IM_MOD_cut_mt_dll.vcproj", "{90A123C5-9988-4A4D-BC20-082AF6F1153D}"
EndProject
Project("{8BC9CEB8-8B4A-11D0-8D11-00A0C91BC942}") = "IM_MOD_dcm", ".\coders\IM_MOD_dcm_mt_dll.vcproj", "{4ED2896D-D57A-4671-826B-8E4DDF9FFD7F}"
EndProject
Project("{8BC9CEB8-8B4A-11D0-8D11-00A0C91BC942}") = "IM_MOD_dcraw", ".\coders\IM_MOD_dcraw_mt_dll.vcproj", "{2B6E5094-C2E6-4FF8-B74B-B31C3F7D0155}"
EndProject
Project("{8BC9CEB8-8B4A-11D0-8D11-00A0C91BC942}") = "IM_MOD_dib", ".\coders\IM_MOD_dib_mt_dll.vcproj", "{0DA82149-DAA1-4F66-B04C-3781E6EF77C0}"
EndProject
Project("{8BC9CEB8-8B4A-11D0-8D11-00A0C91BC942}") = "IM_MOD_dps", ".\coders\IM_MOD_dps_mt_dll.vcproj", "{2CF47CA9-15A7-4080-951D-220D1DD67D68}"
EndProject
Project("{8BC9CEB8-8B4A-11D0-8D11-00A0C91BC942}") = "IM_MOD_dpx", ".\coders\IM_MOD_dpx_mt_dll.vcproj", "{025FABC6-7DEF-4093-AE4C-8CF1660BED3E}"
EndProject
Project("{8BC9CEB8-8B4A-11D0-8D11-00A0C91BC942}") = "IM_MOD_emf", ".\coders\IM_MOD_emf_mt_dll.vcproj", "{C0C0D5EE-D7F2-410C-B4D0-8FB278C42233}"
EndProject
Project("{8BC9CEB8-8B4A-11D0-8D11-00A0C91BC942}") = "IM_MOD_ept", ".\coders\IM_MOD_ept_mt_dll.vcproj", "{FB26D4DB-3D5F-4719-B270-B05F33FC1A5F}"
EndProject
Project("{8BC9CEB8-8B4A-11D0-8D11-00A0C91BC942}") = "IM_MOD_fax", ".\coders\IM_MOD_fax_mt_dll.vcproj", "{DF816F03-5B1A-4251-BBA9-DA629AEF9CCD}"
EndProject
Project("{8BC9CEB8-8B4A-11D0-8D11-00A0C91BC942}") = "IM_MOD_fits", ".\coders\IM_MOD_fits_mt_dll.vcproj", "{C40445A6-A270-464E-9500-B59708797EC3}"
EndProject
Project("{8BC9CEB8-8B4A-11D0-8D11-00A0C91BC942}") = "IM_MOD_fpx", ".\coders\IM_MOD_fpx_mt_dll.vcproj", "{7A17766D-7DB1-45C1-8E82-DA7EA815A43E}"
EndProject
Project("{8BC9CEB8-8B4A-11D0-8D11-00A0C91BC942}") = "IM_MOD_gif", ".\coders\IM_MOD_gif_mt_dll.vcproj", "{8521C932-E397-4D34-8247-91E4F4FE4F73}"
EndProject
Project("{8BC9CEB8-8B4A-11D0-8D11-00A0C91BC942}") = "IM_MOD_gradient", ".\coders\IM_MOD_gradient_mt_dll.vcproj", "{DBB9C141-8E5D-4EF2-982F-DFB85950A26D}"
EndProject
Project("{8BC9CEB8-8B4A-11D0-8D11-00A0C91BC942}") = "IM_MOD_gray", ".\coders\IM_MOD_gray_mt_dll.vcproj", "{4BA24B35-5274-4E60-ABFC-3D3BB7B81DEA}"
EndProject
Project("{8BC9CEB8-8B4A-11D0-8D11-00A0C91BC942}") = "IM_MOD_hdf", ".\coders\IM_MOD_hdf_mt_dll.vcproj", "{194FBB94-566E-4E46-8163-A15C541D0856}"
EndProject
Project("{8BC9CEB8-8B4A-11D0-8D11-00A0C91BC942}") = "IM_MOD_histogram", ".\coders\IM_MOD_histogram_mt_dll.vcproj", "{77E2EB59-7616-4EF8-AD56-0A08E349B77D}"
EndProject
Project("{8BC9CEB8-8B4A-11D0-8D11-00A0C91BC942}") = "IM_MOD_hrz", ".\coders\IM_MOD_hrz_mt_dll.vcproj", "{C59DFC43-D41C-4103-B31E-1231165810D7}"
EndProject
Project("{8BC9CEB8-8B4A-11D0-8D11-00A0C91BC942}") = "IM_MOD_html", ".\coders\IM_MOD_html_mt_dll.vcproj", "{5BFC4742-6530-422A-8DE4-05F922D8A50B}"
EndProject
Project("{8BC9CEB8-8B4A-11D0-8D11-00A0C91BC942}") = "IM_MOD_icon", ".\coders\IM_MOD_icon_mt_dll.vcproj", "{743D9824-3BD3-4765-BFB3-0E2D6E596544}"
EndProject
Project("{8BC9CEB8-8B4A-11D0-8D11-00A0C91BC942}") = "IM_MOD_identity", ".\coders\IM_MOD_identity_mt_dll.vcproj", "{736A0832-D315-4E06-908E-5BDB80F728A2}"
EndProject
Project("{8BC9CEB8-8B4A-11D0-8D11-00A0C91BC942}") = "IM_MOD_info", ".\coders\IM_MOD_info_mt_dll.vcproj", "{DDB91FD0-D8F5-45BC-A482-E39EFE68DA99}"
EndProject
Project("{8BC9CEB8-8B4A-11D0-8D11-00A0C91BC942}") = "IM_MOD_jbig", ".\coders\IM_MOD_jbig_mt_dll.vcproj", "{4D80728E-873E-4ECC-8ADD-12E109259F9D}"
EndProject
Project("{8BC9CEB8-8B4A-11D0-8D11-00A0C91BC942}") = "IM_MOD_jnx", ".\coders\IM_MOD_jnx_mt_dll.vcproj", "{C419DE30-1A30-422D-AEA8-6377773D0254}"
EndProject
Project("{8BC9CEB8-8B4A-11D0-8D11-00A0C91BC942}") = "IM_MOD_jp2", ".\coders\IM_MOD_jp2_mt_dll.vcproj", "{4A61D221-966D-4CBB-9810-9CE4F2C91291}"
EndProject
Project("{8BC9CEB8-8B4A-11D0-8D11-00A0C91BC942}") = "IM_MOD_jpeg", ".\coders\IM_MOD_jpeg_mt_dll.vcproj", "{E06C1578-02CC-4680-9678-A28B5B6368DB}"
EndProject
Project("{8BC9CEB8-8B4A-11D0-8D11-00A0C91BC942}") = "IM_MOD_label", ".\coders\IM_MOD_label_mt_dll.vcproj", "{C11B8107-E797-40B5-96B7-D43D4F3E0C58}"
EndProject
Project("{8BC9CEB8-8B4A-11D0-8D11-00A0C91BC942}") = "IM_MOD_locale", ".\coders\IM_MOD_locale_mt_dll.vcproj", "{52CA1258-577C-4866-AD8E-F3376160ABCB}"
EndProject
Project("{8BC9CEB8-8B4A-11D0-8D11-00A0C91BC942}") = "IM_MOD_logo", ".\coders\IM_MOD_logo_mt_dll.vcproj", "{F28C58A1-1098-4D14-AA6D-57B454E6A975}"
EndProject
Project("{8BC9CEB8-8B4A-11D0-8D11-00A0C91BC942}") = "IM_MOD_mac", ".\coders\IM_MOD_mac_mt_dll.vcproj", "{FDDED261-8EBB-4A3D-94EF-1720523D4266}"
EndProject
Project("{8BC9CEB8-8B4A-11D0-8D11-00A0C91BC942}") = "IM_MOD_map", ".\coders\IM_MOD_map_mt_dll.vcproj", "{3D95EA49-1ABB-4DA1-B2C0-8B9D3B6253F4}"
EndProject
Project("{8BC9CEB8-8B4A-11D0-8D11-00A0C91BC942}") = "IM_MOD_mat", ".\coders\IM_MOD_mat_mt_dll.vcproj", "{55B52F61-4F26-4B9F-AACF-53E2FC471F5D}"
EndProject
Project("{8BC9CEB8-8B4A-11D0-8D11-00A0C91BC942}") = "IM_MOD_matte", ".\coders\IM_MOD_matte_mt_dll.vcproj", "{490ADA20-39D9-4573-A93E-B67B7106C7EF}"
EndProject
Project("{8BC9CEB8-8B4A-11D0-8D11-00A0C91BC942}") = "IM_MOD_meta", ".\coders\IM_MOD_meta_mt_dll.vcproj", "{DFF234B9-257A-4288-AA8F-1DE2A5968F1F}"
EndProject
Project("{8BC9CEB8-8B4A-11D0-8D11-00A0C91BC942}") = "IM_MOD_miff", ".\coders\IM_MOD_miff_mt_dll.vcproj", "{F634AFB1-88D6-4D11-807D-56D9051E99CF}"
EndProject
Project("{8BC9CEB8-8B4A-11D0-8D11-00A0C91BC942}") = "IM_MOD_mono", ".\coders\IM_MOD_mono_mt_dll.vcproj", "{E0AE8BF4-7B8A-4046-8E62-31A27C0B4EE7}"
EndProject
Project("{8BC9CEB8-8B4A-11D0-8D11-00A0C91BC942}") = "IM_MOD_mpc", ".\coders\IM_MOD_mpc_mt_dll.vcproj", "{6F708C54-44FC-4965-91D1-B735AF590E43}"
EndProject
Project("{8BC9CEB8-8B4A-11D0-8D11-00A0C91BC942}") = "IM_MOD_mpeg", ".\coders\IM_MOD_mpeg_mt_dll.vcproj", "{ED8E1B67-2E10-44D5-B7D9-CB5BE8CF2521}"
EndProject
Project("{8BC9CEB8-8B4A-11D0-8D11-00A0C91BC942}") = "IM_MOD_mpr", ".\coders\IM_MOD_mpr_mt_dll.vcproj", "{A2B02253-FE37-4661-BCD3-B8858B10C937}"
EndProject
Project("{8BC9CEB8-8B4A-11D0-8D11-00A0C91BC942}") = "IM_MOD_msl", ".\coders\IM_MOD_msl_mt_dll.vcproj", "{34A776B3-9F7E-49E3-8003-F0D7ACD08185}"
EndProject
Project("{8BC9CEB8-8B4A-11D0-8D11-00A0C91BC942}") = "IM_MOD_mtv", ".\coders\IM_MOD_mtv_mt_dll.vcproj", "{5CD9C570-2A3F-40A1-9E44-99EF6DD15AEE}"
EndProject
Project("{8BC9CEB8-8B4A-11D0-8D11-00A0C91BC942}") = "IM_MOD_mvg", ".\coders\IM_MOD_mvg_mt_dll.vcproj", "{EBCAEC84-B625-4024-A781-C6C1E8FD8E20}"
EndProject
Project("{8BC9CEB8-8B4A-11D0-8D11-00A0C91BC942}") = "IM_MOD_null", ".\coders\IM_MOD_null_mt_dll.vcproj", "{8B42AC64-5540-4BF2-B906-AE2CFA8B28CD}"
EndProject
Project("{8BC9CEB8-8B4A-11D0-8D11-00A0C91BC942}") = "IM_MOD_otb", ".\coders\IM_MOD_otb_mt_dll.vcproj", "{2B465357-821F-4172-9768-3A466A5F1DF3}"
EndProject
Project("{8BC9CEB8-8B4A-11D0-8D11-00A0C91BC942}") = "IM_MOD_palm", ".\coders\IM_MOD_palm_mt_dll.vcproj", "{7168FE8E-AD6D-4989-9B3D-A1E8B8BA8C2B}"
EndProject
Project("{8BC9CEB8-8B4A-11D0-8D11-00A0C91BC942}") = "IM_MOD_pcd", ".\coders\IM_MOD_pcd_mt_dll.vcproj", "{146D2602-E4B1-494C-BDAE-91C1E59FBEE7}"
EndProject
Project("{8BC9CEB8-8B4A-11D0-8D11-00A0C91BC942}") = "IM_MOD_pcl", ".\coders\IM_MOD_pcl_mt_dll.vcproj", "{0B8FA9CF-610B-4361-A7D8-25EF753AB3D8}"
EndProject
Project("{8BC9CEB8-8B4A-11D0-8D11-00A0C91BC942}") = "IM_MOD_pcx", ".\coders\IM_MOD_pcx_mt_dll.vcproj", "{D82FB003-ADF5-4A73-B481-9C9EB1B5BE03}"
EndProject
Project("{8BC9CEB8-8B4A-11D0-8D11-00A0C91BC942}") = "IM_MOD_pdb", ".\coders\IM_MOD_pdb_mt_dll.vcproj", "{98464024-260A-4F71-A4D0-9C647AE3BEE5}"
EndProject
Project("{8BC9CEB8-8B4A-11D0-8D11-00A0C91BC942}") = "IM_MOD_pdf", ".\coders\IM_MOD_pdf_mt_dll.vcproj", "{912E2F99-E3B9-44D4-817E-B3180598EED9}"
EndProject
Project("{8BC9CEB8-8B4A-11D0-8D11-00A0C91BC942}") = "IM_MOD_pict", ".\coders\IM_MOD_pict_mt_dll.vcproj", "{7F245BA2-6296-49C5-B20A-F3449FC9E972}"
EndProject
Project("{8BC9CEB8-8B4A-11D0-8D11-00A0C91BC942}") = "IM_MOD_pix", ".\coders\IM_MOD_pix_mt_dll.vcproj", "{5AA8D44E-B1A7-4A36-A059-205F3E8E817D}"
EndProject
Project("{8BC9CEB8-8B4A-11D0-8D11-00A0C91BC942}") = "IM_MOD_plasma", ".\coders\IM_MOD_plasma_mt_dll.vcproj", "{4E3451DE-F81F-4A7A-ACED-8DD3B2C6C7E5}"
EndProject
Project("{8BC9CEB8-8B4A-11D0-8D11-00A0C91BC942}") = "IM_MOD_png", ".\coders\IM_MOD_png_mt_dll.vcproj", "{06BAAD28-85F5-4BFA-B0A8-8B2839135209}"
EndProject
Project("{8BC9CEB8-8B4A-11D0-8D11-00A0C91BC942}") = "IM_MOD_pnm", ".\coders\IM_MOD_pnm_mt_dll.vcproj", "{735E606E-B26B-4012-B76C-93C43B888ABD}"
EndProject
Project("{8BC9CEB8-8B4A-11D0-8D11-00A0C91BC942}") = "IM_MOD_preview", ".\coders\IM_MOD_preview_mt_dll.vcproj", "{BD4ED6B6-70F9-4D05-83AC-F33C705E9D02}"
EndProject
Project("{8BC9CEB8-8B4A-11D0-8D11-00A0C91BC942}") = "IM_MOD_ps", ".\coders\IM_MOD_ps_mt_dll.vcproj", "{5A26F6BA-AC6F-4A99-AEB9-708AA71C4259}"
EndProject
Project("{8BC9CEB8-8B4A-11D0-8D11-00A0C91BC942}") = "IM_MOD_ps2", ".\coders\IM_MOD_ps2_mt_dll.vcproj", "{BD920221-E93D-4C25-9C99-1D5262B1B8FA}"
EndProject
Project("{8BC9CEB8-8B4A-11D0-8D11-00A0C91BC942}") = "IM_MOD_ps3", ".\coders\IM_MOD_ps3_mt_dll.vcproj", "{5B2506E0-2CE9-4B53-8678-275BB291CFA2}"
EndProject
Project("{8BC9CEB8-8B4A-11D0-8D11-00A0C91BC942}") = "IM_MOD_psd", ".\coders\IM_MOD_psd_mt_dll.vcproj", "{0F139CA1-25F6-4200-8537-D6D0397262B5}"
EndProject
Project("{8BC9CEB8-8B4A-11D0-8D11-00A0C91BC942}") = "IM_MOD_pwp", ".\coders\IM_MOD_pwp_mt_dll.vcproj", "{9A60DC54-3CE7-49A6-9A9B-A673B9639B73}"
EndProject
Project("{8BC9CEB8-8B4A-11D0-8D11-00A0C91BC942}") = "IM_MOD_rgb", ".\coders\IM_MOD_rgb_mt_dll.vcproj", "{E2A8D2E9-005A-4088-8AE6-4544E8CD451E}"
EndProject
Project("{8BC9CEB8-8B4A-11D0-8D11-00A0C91BC942}") = "IM_MOD_rla", ".\coders\IM_MOD_rla_mt_dll.vcproj", "{F49EF637-7B4E-4791-8B70-CBDE206C2CA1}"
EndProject
Project("{8BC9CEB8-8B4A-11D0-8D11-00A0C91BC942}") = "IM_MOD_rle", ".\coders\IM_MOD_rle_mt_dll.vcproj", "{31393056-0FBB-4488-A83E-EACBD5A41FD5}"
EndProject
Project("{8BC9CEB8-8B4A-11D0-8D11-00A0C91BC942}") = "IM_MOD_sct", ".\coders\IM_MOD_sct_mt_dll.vcproj", "{01EBB177-F2C0-40E3-AF61-9A9A2EC4059C}"
EndProject
Project("{8BC9CEB8-8B4A-11D0-8D11-00A0C91BC942}") = "IM_MOD_sfw", ".\coders\IM_MOD_sfw_mt_dll.vcproj", "{4C45A02C-12BD-4A35-B8FE-DF118D1F3805}"
EndProject
Project("{8BC9CEB8-8B4A-11D0-8D11-00A0C91BC942}") = "IM_MOD_sgi", ".\coders\IM_MOD_sgi_mt_dll.vcproj", "{E0200CF0-A70E-4C78-AB7C-1A70C65669FD}"
EndProject
Project("{8BC9CEB8-8B4A-11D0-8D11-00A0C91BC942}") = "IM_MOD_stegano", ".\coders\IM_MOD_stegano_mt_dll.vcproj", "{DAEA330C-C4F4-4F74-B193-5E85C4D16C96}"
EndProject
Project("{8BC9CEB8-8B4A-11D0-8D11-00A0C91BC942}") = "IM_MOD_sun", ".\coders\IM_MOD_sun_mt_dll.vcproj", "{5D2F273B-B2DB-44A6-AB92-EBE71BB24B3F}"
EndProject
Project("{8BC9CEB8-8B4A-11D0-8D11-00A0C91BC942}") = "IM_MOD_svg", ".\coders\IM_MOD_svg_mt_dll.vcproj", "{05F970CF-0B13-42DC-8F89-A1A030DA9EA0}"
EndProject
Project("{8BC9CEB8-8B4A-11D0-8D11-00A0C91BC942}") = "IM_MOD_tga", ".\coders\IM_MOD_tga_mt_dll.vcproj", "{A608ED9C-355D-4B12-B60A-32878A2A597C}"
EndProject
Project("{8BC9CEB8-8B4A-11D0-8D11-00A0C91BC942}") = "IM_MOD_tiff", ".\coders\IM_MOD_tiff_mt_dll.vcproj", "{892AEAC1-88C5-4E0D-BB3B-F220AEBA5FFE}"
EndProject
Project("{8BC9CEB8-8B4A-11D0-8D11-00A0C91BC942}") = "IM_MOD_tile", ".\coders\IM_MOD_tile_mt_dll.vcproj", "{F77B9ED0-ECA3-4732-A767-EB58CC586F71}"
EndProject
Project("{8BC9CEB8-8B4A-11D0-8D11-00A0C91BC942}") = "IM_MOD_tim", ".\coders\IM_MOD_tim_mt_dll.vcproj", "{706D3344-73C9-4303-A66D-D31908C0E889}"
EndProject
Project("{8BC9CEB8-8B4A-11D0-8D11-00A0C91BC942}") = "IM_MOD_topol", ".\coders\IM_MOD_topol_mt_dll.vcproj", "{B706F00D-9D24-4713-A12C-ACC40560E2FE}"
EndProject
Project("{8BC9CEB8-8B4A-11D0-8D11-00A0C91BC942}") = "IM_MOD_ttf", ".\coders\IM_MOD_ttf_mt_dll.vcproj", "{505C30F4-D262-4117-8A46-C52D3E8315FE}"
EndProject
Project("{8BC9CEB8-8B4A-11D0-8D11-00A0C91BC942}") = "IM_MOD_txt", ".\coders\IM_MOD_txt_mt_dll.vcproj", "{F7858B60-DB16-45C3-94F2-F52673F53D06}"
EndProject
Project("{8BC9CEB8-8B4A-11D0-8D11-00A0C91BC942}") = "IM_MOD_uil", ".\coders\IM_MOD_uil_mt_dll.vcproj", "{D2EEA650-4EB2-45CF-AEEE-7C01C790053D}"
EndProject
Project("{8BC9CEB8-8B4A-11D0-8D11-00A0C91BC942}") = "IM_MOD_url", ".\coders\IM_MOD_url_mt_dll.vcproj", "{DA451EA0-CAA9-49A7-BB18-C9D6F64520FD}"
EndProject
Project("{8BC9CEB8-8B4A-11D0-8D11-00A0C91BC942}") = "IM_MOD_uyvy", ".\coders\IM_MOD_uyvy_mt_dll.vcproj", "{614156BB-A516-4B4C-8014-A22AB2FDBB14}"
EndProject
Project("{8BC9CEB8-8B4A-11D0-8D11-00A0C91BC942}") = "IM_MOD_vicar", ".\coders\IM_MOD_vicar_mt_dll.vcproj", "{715B5D1E-4C6F-435F-8AB6-419B588CB9B4}"
EndProject
Project("{8BC9CEB8-8B4A-11D0-8D11-00A0C91BC942}") = "IM_MOD_vid", ".\coders\IM_MOD_vid_mt_dll.vcproj", "{C8286559-73FA-4750-A2AC-5068161F41CC}"
EndProject
Project("{8BC9CEB8-8B4A-11D0-8D11-00A0C91BC942}") = "IM_MOD_viff", ".\coders\IM_MOD_viff_mt_dll.vcproj", "{5858265E-F29E-48E1-B056-BFD4B58D2204}"
EndProject
Project("{8BC9CEB8-8B4A-11D0-8D11-00A0C91BC942}") = "IM_MOD_wbmp", ".\coders\IM_MOD_wbmp_mt_dll.vcproj", "{94E7473F-9E08-4CDD-9C59-4913C6291591}"
EndProject
Project("{8BC9CEB8-8B4A-11D0-8D11-00A0C91BC942}") = "IM_MOD_webp", ".\coders\IM_MOD_webp_mt_dll.vcproj", "{7A989A82-561A-4914-A398-A69C342CFCAB}"
EndProject
Project("{8BC9CEB8-8B4A-11D0-8D11-00A0C91BC942}") = "IM_MOD_wmf", ".\coders\IM_MOD_wmf_mt_dll.vcproj", "{88545AAD-BC7E-4F38-AE1E-E1A4877A6727}"
EndProject
Project("{8BC9CEB8-8B4A-11D0-8D11-00A0C91BC942}") = "IM_MOD_wpg", ".\coders\IM_MOD_wpg_mt_dll.vcproj", "{E527214C-DE51-43BA-BCE4-AC0F083EF5EE}"
EndProject
Project("{8BC9CEB8-8B4A-11D0-8D11-00A0C91BC942}") = "IM_MOD_x", ".\coders\IM_MOD_x_mt_dll.vcproj", "{545827FB-B55C-4CEF-B36A-FEE9FC56680B}"
EndProject
Project("{8BC9CEB8-8B4A-11D0-8D11-00A0C91BC942}") = "IM_MOD_xbm", ".\coders\IM_MOD_xbm_mt_dll.vcproj", "{86A4AEEC-EF44-4466-8606-224AAE2BED69}"
EndProject
Project("{8BC9CEB8-8B4A-11D0-8D11-00A0C91BC942}") = "IM_MOD_xc", ".\coders\IM_MOD_xc_mt_dll.vcproj", "{6C0FDE7C-CFB8-4F86-A5FB-6271CECEEE78}"
EndProject
Project("{8BC9CEB8-8B4A-11D0-8D11-00A0C91BC942}") = "IM_MOD_xcf", ".\coders\IM_MOD_xcf_mt_dll.vcproj", "{0FF63444-58C2-452A-AD70-2748BFB4BC46}"
EndProject
Project("{8BC9CEB8-8B4A-11D0-8D11-00A0C91BC942}") = "IM_MOD_xpm", ".\coders\IM_MOD_xpm_mt_dll.vcproj", "{32B4F6CC-84D5-47D1-B00D-25903DDF2977}"
EndProject
Project("{8BC9CEB8-8B4A-11D0-8D11-00A0C91BC942}") = "IM_MOD_xtrn", ".\coders\IM_MOD_xtrn_mt_dll.vcproj", "{4360C72A-C50E-45C9-8F9E-4645CF8F0908}"
EndProject
Project("{8BC9CEB8-8B4A-11D0-8D11-00A0C91BC942}") = "IM_MOD_xwd", ".\coders\IM_MOD_xwd_mt_dll.vcproj", "{07161578-BFD5-4B4F-BEF8-F3E35135A054}"
EndProject
Project("{8BC9CEB8-8B4A-11D0-8D11-00A0C91BC942}") = "IM_MOD_yuv", ".\coders\IM_MOD_yuv_mt_dll.vcproj", "{AAF30955-55CD-4493-87C7-D75C322CCCE2}"
EndProject
Project("{8BC9CEB8-8B4A-11D0-8D11-00A0C91BC942}") = "analyze", ".\filters\analyze_mt_dll.vcproj", "{8E7BD904-2F29-47F3-A78C-8070E14B2EC6}"
EndProject
Project("{8BC9CEB8-8B4A-11D0-8D11-00A0C91BC942}") = "UTIL_dcraw", ".\dcraw\UTIL_dcraw_mt_exe.vcproj", "{8A2F1F96-0B19-4608-90C5-DD010C3316A8}"
EndProject
Project("{8BC9CEB8-8B4A-11D0-8D11-00A0C91BC942}") = "UTIL_gm", ".\utilities\UTIL_gm_mt_exe.vcproj", "{CF0783CF-563E-4264-AC99-36AFDAE8D926}"
EndProject
Project("{8BC9CEB8-8B4A-11D0-8D11-00A0C91BC942}") = "UTIL_IMDisplay", ".\win2k\IMDisplay\UTIL_IMDisplay_mt_exe.vcproj", "{4939E9E6-7F46-4328-8B03-B1F6303127A9}"
EndProject
EndProject
Global
	GlobalSection(SolutionConfiguration) = preSolution
		ConfigName.0 = Debug
		ConfigName.1 = Release
	EndGlobalSection
	GlobalSection(ProjectDependencies) = postSolution
		{C7877A7E-B9C6-4F89-97F1-D11CB1F5B078}.0 = {273BD496-A6B2-47DC-A85B-BDB2F3F24F1B}
		{C7877A7E-B9C6-4F89-97F1-D11CB1F5B078}.1 = {472E3C81-BE01-404C-929E-911A15D70664}
		{C7877A7E-B9C6-4F89-97F1-D11CB1F5B078}.2 = {ACA8913C-E932-4535-99C0-F1A54D299D99}
		{C7877A7E-B9C6-4F89-97F1-D11CB1F5B078}.3 = {4460B653-749A-448F-A9B7-8181751C97BA}
		{C7877A7E-B9C6-4F89-97F1-D11CB1F5B078}.4 = {32A8676F-7D8F-4531-A882-B329CD69D622}
		{C7877A7E-B9C6-4F89-97F1-D11CB1F5B078}.5 = {C451F13A-B3A1-4991-AC8B-BBFC1F91D46B}
		{C7877A7E-B9C6-4F89-97F1-D11CB1F5B078}.6 = {0E8A3051-6DED-4748-BAEC-83142F41D3DB}
		{C7877A7E-B9C6-4F89-97F1-D11CB1F5B078}.7 = {F5398FEB-B6D1-4EEE-8DDB-D17E72E06F14}
		{C7877A7E-B9C6-4F89-97F1-D11CB1F5B078}.8 = {2B37A51A-ADDD-4FDB-BFB7-219F0AF0EA8C}
		{C7877A7E-B9C6-4F89-97F1-D11CB1F5B078}.9 = {50FB5CA8-6054-4EAA-966A-9C66943088BB}
		{C7877A7E-B9C6-4F89-97F1-D11CB1F5B078}.10 = {435FDE46-F3D4-4EDC-8631-AD6741119223}
		{C7877A7E-B9C6-4F89-97F1-D11CB1F5B078}.11 = {39809867-C808-4DE3-B87E-7AEFD17EB044}
		{C7877A7E-B9C6-4F89-97F1-D11CB1F5B078}.12 = {7AFE514A-B77D-4EF8-B37B-90378743A25A}
		{C7877A7E-B9C6-4F89-97F1-D11CB1F5B078}.13 = {DD2F1882-14AD-443A-9114-7C9D0939A4E0}
		{C7877A7E-B9C6-4F89-97F1-D11CB1F5B078}.14 = {686118BE-D165-4FF4-9C71-01888C1FA335}
		{C7877A7E-B9C6-4F89-97F1-D11CB1F5B078}.15 = {53188244-E612-4EBC-9C2F-41DE63D7A733}
		{C7877A7E-B9C6-4F89-97F1-D11CB1F5B078}.16 = {D312DD30-3B52-4185-83E5-A7DE52C04A90}
		{C7877A7E-B9C6-4F89-97F1-D11CB1F5B078}.17 = {1FCE35C9-4642-4125-8800-E00B7F140813}
		{C7877A7E-B9C6-4F89-97F1-D11CB1F5B078}.18 = {F2CD321F-985D-4A72-A686-996042F4C299}
		{C7877A7E-B9C6-4F89-97F1-D11CB1F5B078}.19 = {9452C8F0-46D7-43A2-ACFB-52BFF8B91560}
		{C7877A7E-B9C6-4F89-97F1-D11CB1F5B078}.20 = {E7A58A18-ADE2-4D99-9513-830232FD326E}
		{C7877A7E-B9C6-4F89-97F1-D11CB1F5B078}.21 = {B3BCCC73-4E97-41D8-9898-D54BD2C05292}
		{C7877A7E-B9C6-4F89-97F1-D11CB1F5B078}.22 = {E40B2720-2D7B-4D19-BDF7-DF3B832FE9B1}
		{C7877A7E-B9C6-4F89-97F1-D11CB1F5B078}.23 = {5FD7DB06-F80F-4CF8-A203-69B213BC1991}
		{C7877A7E-B9C6-4F89-97F1-D11CB1F5B078}.24 = {A83DBE87-304D-46D7-B31F-F583662E80E2}
		{C7877A7E-B9C6-4F89-97F1-D11CB1F5B078}.25 = {90A123C5-9988-4A4D-BC20-082AF6F1153D}
		{C7877A7E-B9C6-4F89-97F1-D11CB1F5B078}.26 = {4ED2896D-D57A-4671-826B-8E4DDF9FFD7F}
		{C7877A7E-B9C6-4F89-97F1-D11CB1F5B078}.27 = {2B6E5094-C2E6-4FF8-B74B-B31C3F7D0155}
		{C7877A7E-B9C6-4F89-97F1-D11CB1F5B078}.28 = {0DA82149-DAA1-4F66-B04C-3781E6EF77C0}
		{C7877A7E-B9C6-4F89-97F1-D11CB1F5B078}.29 = {2CF47CA9-15A7-4080-951D-220D1DD67D68}
		{C7877A7E-B9C6-4F89-97F1-D11CB1F5B078}.30 = {025FABC6-7DEF-4093-AE4C-8CF1660BED3E}
		{C7877A7E-B9C6-4F89-97F1-D11CB1F5B078}.31 = {C0C0D5EE-D7F2-410C-B4D0-8FB278C42233}
		{C7877A7E-B9C6-4F89-97F1-D11CB1F5B078}.32 = {FB26D4DB-3D5F-4719-B270-B05F33FC1A5F}
		{C7877A7E-B9C6-4F89-97F1-D11CB1F5B078}.33 = {DF816F03-5B1A-4251-BBA9-DA629AEF9CCD}
		{C7877A7E-B9C6-4F89-97F1-D11CB1F5B078}.34 = {C40445A6-A270-464E-9500-B59708797EC3}
		{C7877A7E-B9C6-4F89-97F1-D11CB1F5B078}.35 = {7A17766D-7DB1-45C1-8E82-DA7EA815A43E}
		{C7877A7E-B9C6-4F89-97F1-D11CB1F5B078}.36 = {8521C932-E397-4D34-8247-91E4F4FE4F73}
		{C7877A7E-B9C6-4F89-97F1-D11CB1F5B078}.37 = {DBB9C141-8E5D-4EF2-982F-DFB85950A26D}
		{C7877A7E-B9C6-4F89-97F1-D11CB1F5B078}.38 = {4BA24B35-5274-4E60-ABFC-3D3BB7B81DEA}
		{C7877A7E-B9C6-4F89-97F1-D11CB1F5B078}.39 = {194FBB94-566E-4E46-8163-A15C541D0856}
		{C7877A7E-B9C6-4F89-97F1-D11CB1F5B078}.40 = {77E2EB59-7616-4EF8-AD56-0A08E349B77D}
		{C7877A7E-B9C6-4F89-97F1-D11CB1F5B078}.41 = {C59DFC43-D41C-4103-B31E-1231165810D7}
		{C7877A7E-B9C6-4F89-97F1-D11CB1F5B078}.42 = {5BFC4742-6530-422A-8DE4-05F922D8A50B}
		{C7877A7E-B9C6-4F89-97F1-D11CB1F5B078}.43 = {743D9824-3BD3-4765-BFB3-0E2D6E596544}
		{C7877A7E-B9C6-4F89-97F1-D11CB1F5B078}.44 = {736A0832-D315-4E06-908E-5BDB80F728A2}
		{C7877A7E-B9C6-4F89-97F1-D11CB1F5B078}.45 = {DDB91FD0-D8F5-45BC-A482-E39EFE68DA99}
		{C7877A7E-B9C6-4F89-97F1-D11CB1F5B078}.46 = {4D80728E-873E-4ECC-8ADD-12E109259F9D}
		{C7877A7E-B9C6-4F89-97F1-D11CB1F5B078}.47 = {C419DE30-1A30-422D-AEA8-6377773D0254}
		{C7877A7E-B9C6-4F89-97F1-D11CB1F5B078}.48 = {4A61D221-966D-4CBB-9810-9CE4F2C91291}
		{C7877A7E-B9C6-4F89-97F1-D11CB1F5B078}.49 = {E06C1578-02CC-4680-9678-A28B5B6368DB}
		{C7877A7E-B9C6-4F89-97F1-D11CB1F5B078}.50 = {C11B8107-E797-40B5-96B7-D43D4F3E0C58}
		{C7877A7E-B9C6-4F89-97F1-D11CB1F5B078}.51 = {52CA1258-577C-4866-AD8E-F3376160ABCB}
		{C7877A7E-B9C6-4F89-97F1-D11CB1F5B078}.52 = {F28C58A1-1098-4D14-AA6D-57B454E6A975}
		{C7877A7E-B9C6-4F89-97F1-D11CB1F5B078}.53 = {FDDED261-8EBB-4A3D-94EF-1720523D4266}
		{C7877A7E-B9C6-4F89-97F1-D11CB1F5B078}.54 = {3D95EA49-1ABB-4DA1-B2C0-8B9D3B6253F4}
		{C7877A7E-B9C6-4F89-97F1-D11CB1F5B078}.55 = {55B52F61-4F26-4B9F-AACF-53E2FC471F5D}
		{C7877A7E-B9C6-4F89-97F1-D11CB1F5B078}.56 = {490ADA20-39D9-4573-A93E-B67B7106C7EF}
		{C7877A7E-B9C6-4F89-97F1-D11CB1F5B078}.57 = {DFF234B9-257A-4288-AA8F-1DE2A5968F1F}
		{C7877A7E-B9C6-4F89-97F1-D11CB1F5B078}.58 = {F634AFB1-88D6-4D11-807D-56D9051E99CF}
		{C7877A7E-B9C6-4F89-97F1-D11CB1F5B078}.59 = {E0AE8BF4-7B8A-4046-8E62-31A27C0B4EE7}
		{C7877A7E-B9C6-4F89-97F1-D11CB1F5B078}.60 = {6F708C54-44FC-4965-91D1-B735AF590E43}
		{C7877A7E-B9C6-4F89-97F1-D11CB1F5B078}.61 = {ED8E1B67-2E10-44D5-B7D9-CB5BE8CF2521}
		{C7877A7E-B9C6-4F89-97F1-D11CB1F5B078}.62 = {A2B02253-FE37-4661-BCD3-B8858B10C937}
		{C7877A7E-B9C6-4F89-97F1-D11CB1F5B078}.63 = {34A776B3-9F7E-49E3-8003-F0D7ACD08185}
		{C7877A7E-B9C6-4F89-97F1-D11CB1F5B078}.64 = {5CD9C570-2A3F-40A1-9E44-99EF6DD15AEE}
		{C7877A7E-B9C6-4F89-97F1-D11CB1F5B078}.65 = {EBCAEC84-B625-4024-A781-C6C1E8FD8E20}
		{C7877A7E-B9C6-4F89-97F1-D11CB1F5B078}.66 = {8B42AC64-5540-4BF2-B906-AE2CFA8B28CD}
		{C7877A7E-B9C6-4F89-97F1-D11CB1F5B078}.67 = {2B465357-821F-4172-9768-3A466A5F1DF3}
		{C7877A7E-B9C6-4F89-97F1-D11CB1F5B078}.68 = {7168FE8E-AD6D-4989-9B3D-A1E8B8BA8C2B}
		{C7877A7E-B9C6-4F89-97F1-D11CB1F5B078}.69 = {146D2602-E4B1-494C-BDAE-91C1E59FBEE7}
		{C7877A7E-B9C6-4F89-97F1-D11CB1F5B078}.70 = {0B8FA9CF-610B-4361-A7D8-25EF753AB3D8}
		{C7877A7E-B9C6-4F89-97F1-D11CB1F5B078}.71 = {D82FB003-ADF5-4A73-B481-9C9EB1B5BE03}
		{C7877A7E-B9C6-4F89-97F1-D11CB1F5B078}.72 = {98464024-260A-4F71-A4D0-9C647AE3BEE5}
		{C7877A7E-B9C6-4F89-97F1-D11CB1F5B078}.73 = {912E2F99-E3B9-44D4-817E-B3180598EED9}
		{C7877A7E-B9C6-4F89-97F1-D11CB1F5B078}.74 = {7F245BA2-6296-49C5-B20A-F3449FC9E972}
		{C7877A7E-B9C6-4F89-97F1-D11CB1F5B078}.75 = {5AA8D44E-B1A7-4A36-A059-205F3E8E817D}
		{C7877A7E-B9C6-4F89-97F1-D11CB1F5B078}.76 = {4E3451DE-F81F-4A7A-ACED-8DD3B2C6C7E5}
		{C7877A7E-B9C6-4F89-97F1-D11CB1F5B078}.77 = {06BAAD28-85F5-4BFA-B0A8-8B2839135209}
		{C7877A7E-B9C6-4F89-97F1-D11CB1F5B078}.78 = {735E606E-B26B-4012-B76C-93C43B888ABD}
		{C7877A7E-B9C6-4F89-97F1-D11CB1F5B078}.79 = {BD4ED6B6-70F9-4D05-83AC-F33C705E9D02}
		{C7877A7E-B9C6-4F89-97F1-D11CB1F5B078}.80 = {5A26F6BA-AC6F-4A99-AEB9-708AA71C4259}
		{C7877A7E-B9C6-4F89-97F1-D11CB1F5B078}.81 = {BD920221-E93D-4C25-9C99-1D5262B1B8FA}
		{C7877A7E-B9C6-4F89-97F1-D11CB1F5B078}.82 = {5B2506E0-2CE9-4B53-8678-275BB291CFA2}
		{C7877A7E-B9C6-4F89-97F1-D11CB1F5B078}.83 = {0F139CA1-25F6-4200-8537-D6D0397262B5}
		{C7877A7E-B9C6-4F89-97F1-D11CB1F5B078}.84 = {9A60DC54-3CE7-49A6-9A9B-A673B9639B73}
		{C7877A7E-B9C6-4F89-97F1-D11CB1F5B078}.85 = {E2A8D2E9-005A-4088-8AE6-4544E8CD451E}
		{C7877A7E-B9C6-4F89-97F1-D11CB1F5B078}.86 = {F49EF637-7B4E-4791-8B70-CBDE206C2CA1}
		{C7877A7E-B9C6-4F89-97F1-D11CB1F5B078}.87 = {31393056-0FBB-4488-A83E-EACBD5A41FD5}
		{C7877A7E-B9C6-4F89-97F1-D11CB1F5B078}.88 = {01EBB177-F2C0-40E3-AF61-9A9A2EC4059C}
		{C7877A7E-B9C6-4F89-97F1-D11CB1F5B078}.89 = {4C45A02C-12BD-4A35-B8FE-DF118D1F3805}
		{C7877A7E-B9C6-4F89-97F1-D11CB1F5B078}.90 = {E0200CF0-A70E-4C78-AB7C-1A70C65669FD}
		{C7877A7E-B9C6-4F89-97F1-D11CB1F5B078}.91 = {DAEA330C-C4F4-4F74-B193-5E85C4D16C96}
		{C7877A7E-B9C6-4F89-97F1-D11CB1F5B078}.92 = {5D2F273B-B2DB-44A6-AB92-EBE71BB24B3F}
		{C7877A7E-B9C6-4F89-97F1-D11CB1F5B078}.93 = {05F970CF-0B13-42DC-8F89-A1A030DA9EA0}
		{C7877A7E-B9C6-4F89-97F1-D11CB1F5B078}.94 = {A608ED9C-355D-4B12-B60A-32878A2A597C}
		{C7877A7E-B9C6-4F89-97F1-D11CB1F5B078}.95 = {892AEAC1-88C5-4E0D-BB3B-F220AEBA5FFE}
		{C7877A7E-B9C6-4F89-97F1-D11CB1F5B078}.96 = {F77B9ED0-ECA3-4732-A767-EB58CC586F71}
		{C7877A7E-B9C6-4F89-97F1-D11CB1F5B078}.97 = {706D3344-73C9-4303-A66D-D31908C0E889}
		{C7877A7E-B9C6-4F89-97F1-D11CB1F5B078}.98 = {B706F00D-9D24-4713-A12C-ACC40560E2FE}
		{C7877A7E-B9C6-4F89-97F1-D11CB1F5B078}.99 = {505C30F4-D262-4117-8A46-C52D3E8315FE}
		{C7877A7E-B9C6-4F89-97F1-D11CB1F5B078}.100 = {F7858B60-DB16-45C3-94F2-F52673F53D06}
		{C7877A7E-B9C6-4F89-97F1-D11CB1F5B078}.101 = {D2EEA650-4EB2-45CF-AEEE-7C01C790053D}
		{C7877A7E-B9C6-4F89-97F1-D11CB1F5B078}.102 = {DA451EA0-CAA9-49A7-BB18-C9D6F64520FD}
		{C7877A7E-B9C6-4F89-97F1-D11CB1F5B078}.103 = {614156BB-A516-4B4C-8014-A22AB2FDBB14}
		{C7877A7E-B9C6-4F89-97F1-D11CB1F5B078}.104 = {715B5D1E-4C6F-435F-8AB6-419B588CB9B4}
		{C7877A7E-B9C6-4F89-97F1-D11CB1F5B078}.105 = {C8286559-73FA-4750-A2AC-5068161F41CC}
		{C7877A7E-B9C6-4F89-97F1-D11CB1F5B078}.106 = {5858265E-F29E-48E1-B056-BFD4B58D2204}
		{C7877A7E-B9C6-4F89-97F1-D11CB1F5B078}.107 = {94E7473F-9E08-4CDD-9C59-4913C6291591}
		{C7877A7E-B9C6-4F89-97F1-D11CB1F5B078}.108 = {7A989A82-561A-4914-A398-A69C342CFCAB}
		{C7877A7E-B9C6-4F89-97F1-D11CB1F5B078}.109 = {88545AAD-BC7E-4F38-AE1E-E1A4877A6727}
		{C7877A7E-B9C6-4F89-97F1-D11CB1F5B078}.110 = {E527214C-DE51-43BA-BCE4-AC0F083EF5EE}
		{C7877A7E-B9C6-4F89-97F1-D11CB1F5B078}.111 = {545827FB-B55C-4CEF-B36A-FEE9FC56680B}
		{C7877A7E-B9C6-4F89-97F1-D11CB1F5B078}.112 = {86A4AEEC-EF44-4466-8606-224AAE2BED69}
		{C7877A7E-B9C6-4F89-97F1-D11CB1F5B078}.113 = {6C0FDE7C-CFB8-4F86-A5FB-6271CECEEE78}
		{C7877A7E-B9C6-4F89-97F1-D11CB1F5B078}.114 = {0FF63444-58C2-452A-AD70-2748BFB4BC46}
		{C7877A7E-B9C6-4F89-97F1-D11CB1F5B078}.115 = {32B4F6CC-84D5-47D1-B00D-25903DDF2977}
		{C7877A7E-B9C6-4F89-97F1-D11CB1F5B078}.116 = {4360C72A-C50E-45C9-8F9E-4645CF8F0908}
		{C7877A7E-B9C6-4F89-97F1-D11CB1F5B078}.117 = {07161578-BFD5-4B4F-BEF8-F3E35135A054}
		{C7877A7E-B9C6-4F89-97F1-D11CB1F5B078}.118 = {AAF30955-55CD-4493-87C7-D75C322CCCE2}
		{C7877A7E-B9C6-4F89-97F1-D11CB1F5B078}.119 = {8A2F1F96-0B19-4608-90C5-DD010C3316A8}
		{C7877A7E-B9C6-4F89-97F1-D11CB1F5B078}.120 = {CF0783CF-563E-4264-AC99-36AFDAE8D926}
		{C7877A7E-B9C6-4F89-97F1-D11CB1F5B078}.121 = {4939E9E6-7F46-4328-8B03-B1F6303127A9}
		{C7877A7E-B9C6-4F89-97F1-D11CB1F5B078}.122 = {8E7BD904-2F29-47F3-A78C-8070E14B2EC6}
		{686118BE-D165-4FF4-9C71-01888C1FA335}.0 = {7AFE514A-B77D-4EF8-B37B-90378743A25A}
		{686118BE-D165-4FF4-9C71-01888C1FA335}.1 = {273BD496-A6B2-47DC-A85B-BDB2F3F24F1B}
		{686118BE-D165-4FF4-9C71-01888C1FA335}.2 = {472E3C81-BE01-404C-929E-911A15D70664}
		{686118BE-D165-4FF4-9C71-01888C1FA335}.3 = {C451F13A-B3A1-4991-AC8B-BBFC1F91D46B}
		{686118BE-D165-4FF4-9C71-01888C1FA335}.4 = {50FB5CA8-6054-4EAA-966A-9C66943088BB}
		{686118BE-D165-4FF4-9C71-01888C1FA335}.5 = {0E8A3051-6DED-4748-BAEC-83142F41D3DB}
		{53188244-E612-4EBC-9C2F-41DE63D7A733}.0 = {686118BE-D165-4FF4-9C71-01888C1FA335}
		{F5398FEB-B6D1-4EEE-8DDB-D17E72E06F14}.0 = {273BD496-A6B2-47DC-A85B-BDB2F3F24F1B}
		{2B37A51A-ADDD-4FDB-BFB7-219F0AF0EA8C}.0 = {4460B653-749A-448F-A9B7-8181751C97BA}
		{2B37A51A-ADDD-4FDB-BFB7-219F0AF0EA8C}.1 = {ACA8913C-E932-4535-99C0-F1A54D299D99}
		{2B37A51A-ADDD-4FDB-BFB7-219F0AF0EA8C}.2 = {273BD496-A6B2-47DC-A85B-BDB2F3F24F1B}
		{435FDE46-F3D4-4EDC-8631-AD6741119223}.0 = {686118BE-D165-4FF4-9C71-01888C1FA335}
		{39809867-C808-4DE3-B87E-7AEFD17EB044}.0 = {39809867-C808-4DE3-B87E-7AEFD17EB044}
		{D312DD30-3B52-4185-83E5-A7DE52C04A90}.0 = {686118BE-D165-4FF4-9C71-01888C1FA335}
		{1FCE35C9-4642-4125-8800-E00B7F140813}.0 = {686118BE-D165-4FF4-9C71-01888C1FA335}
		{F2CD321F-985D-4A72-A686-996042F4C299}.0 = {686118BE-D165-4FF4-9C71-01888C1FA335}
		{9452C8F0-46D7-43A2-ACFB-52BFF8B91560}.0 = {686118BE-D165-4FF4-9C71-01888C1FA335}
		{E7A58A18-ADE2-4D99-9513-830232FD326E}.0 = {686118BE-D165-4FF4-9C71-01888C1FA335}
		{E7A58A18-ADE2-4D99-9513-830232FD326E}.1 = {2B37A51A-ADDD-4FDB-BFB7-219F0AF0EA8C}
		{B3BCCC73-4E97-41D8-9898-D54BD2C05292}.0 = {686118BE-D165-4FF4-9C71-01888C1FA335}
		{E40B2720-2D7B-4D19-BDF7-DF3B832FE9B1}.0 = {686118BE-D165-4FF4-9C71-01888C1FA335}
		{5FD7DB06-F80F-4CF8-A203-69B213BC1991}.0 = {686118BE-D165-4FF4-9C71-01888C1FA335}
		{A83DBE87-304D-46D7-B31F-F583662E80E2}.0 = {686118BE-D165-4FF4-9C71-01888C1FA335}
		{90A123C5-9988-4A4D-BC20-082AF6F1153D}.0 = {686118BE-D165-4FF4-9C71-01888C1FA335}
		{4ED2896D-D57A-4671-826B-8E4DDF9FFD7F}.0 = {686118BE-D165-4FF4-9C71-01888C1FA335}
		{2B6E5094-C2E6-4FF8-B74B-B31C3F7D0155}.0 = {686118BE-D165-4FF4-9C71-01888C1FA335}
		{0DA82149-DAA1-4F66-B04C-3781E6EF77C0}.0 = {686118BE-D165-4FF4-9C71-01888C1FA335}
		{2CF47CA9-15A7-4080-951D-220D1DD67D68}.0 = {686118BE-D165-4FF4-9C71-01888C1FA335}
		{025FABC6-7DEF-4093-AE4C-8CF1660BED3E}.0 = {686118BE-D165-4FF4-9C71-01888C1FA335}
		{C0C0D5EE-D7F2-410C-B4D0-8FB278C42233}.0 = {686118BE-D165-4FF4-9C71-01888C1FA335}
		{FB26D4DB-3D5F-4719-B270-B05F33FC1A5F}.0 = {686118BE-D165-4FF4-9C71-01888C1FA335}
		{DF816F03-5B1A-4251-BBA9-DA629AEF9CCD}.0 = {686118BE-D165-4FF4-9C71-01888C1FA335}
		{C40445A6-A270-464E-9500-B59708797EC3}.0 = {686118BE-D165-4FF4-9C71-01888C1FA335}
		{7A17766D-7DB1-45C1-8E82-DA7EA815A43E}.0 = {686118BE-D165-4FF4-9C71-01888C1FA335}
		{8521C932-E397-4D34-8247-91E4F4FE4F73}.0 = {686118BE-D165-4FF4-9C71-01888C1FA335}
		{DBB9C141-8E5D-4EF2-982F-DFB85950A26D}.0 = {686118BE-D165-4FF4-9C71-01888C1FA335}
		{4BA24B35-5274-4E60-ABFC-3D3BB7B81DEA}.0 = {686118BE-D165-4FF4-9C71-01888C1FA335}
		{194FBB94-566E-4E46-8163-A15C541D0856}.0 = {686118BE-D165-4FF4-9C71-01888C1FA335}
		{77E2EB59-7616-4EF8-AD56-0A08E349B77D}.0 = {686118BE-D165-4FF4-9C71-01888C1FA335}
		{C59DFC43-D41C-4103-B31E-1231165810D7}.0 = {686118BE-D165-4FF4-9C71-01888C1FA335}
		{5BFC4742-6530-422A-8DE4-05F922D8A50B}.0 = {686118BE-D165-4FF4-9C71-01888C1FA335}
		{743D9824-3BD3-4765-BFB3-0E2D6E596544}.0 = {686118BE-D165-4FF4-9C71-01888C1FA335}
		{736A0832-D315-4E06-908E-5BDB80F728A2}.0 = {686118BE-D165-4FF4-9C71-01888C1FA335}
		{DDB91FD0-D8F5-45BC-A482-E39EFE68DA99}.0 = {686118BE-D165-4FF4-9C71-01888C1FA335}
		{4D80728E-873E-4ECC-8ADD-12E109259F9D}.0 = {686118BE-D165-4FF4-9C71-01888C1FA335}
		{4D80728E-873E-4ECC-8ADD-12E109259F9D}.1 = {4460B653-749A-448F-A9B7-8181751C97BA}
		{C419DE30-1A30-422D-AEA8-6377773D0254}.0 = {686118BE-D165-4FF4-9C71-01888C1FA335}
		{4A61D221-966D-4CBB-9810-9CE4F2C91291}.0 = {686118BE-D165-4FF4-9C71-01888C1FA335}
		{4A61D221-966D-4CBB-9810-9CE4F2C91291}.1 = {32A8676F-7D8F-4531-A882-B329CD69D622}
		{E06C1578-02CC-4680-9678-A28B5B6368DB}.0 = {686118BE-D165-4FF4-9C71-01888C1FA335}
		{E06C1578-02CC-4680-9678-A28B5B6368DB}.1 = {ACA8913C-E932-4535-99C0-F1A54D299D99}
		{C11B8107-E797-40B5-96B7-D43D4F3E0C58}.0 = {686118BE-D165-4FF4-9C71-01888C1FA335}
		{C11B8107-E797-40B5-96B7-D43D4F3E0C58}.1 = {7AFE514A-B77D-4EF8-B37B-90378743A25A}
		{52CA1258-577C-4866-AD8E-F3376160ABCB}.0 = {686118BE-D165-4FF4-9C71-01888C1FA335}
		{F28C58A1-1098-4D14-AA6D-57B454E6A975}.0 = {686118BE-D165-4FF4-9C71-01888C1FA335}
		{FDDED261-8EBB-4A3D-94EF-1720523D4266}.0 = {686118BE-D165-4FF4-9C71-01888C1FA335}
		{3D95EA49-1ABB-4DA1-B2C0-8B9D3B6253F4}.0 = {686118BE-D165-4FF4-9C71-01888C1FA335}
		{55B52F61-4F26-4B9F-AACF-53E2FC471F5D}.0 = {686118BE-D165-4FF4-9C71-01888C1FA335}
		{55B52F61-4F26-4B9F-AACF-53E2FC471F5D}.1 = {273BD496-A6B2-47DC-A85B-BDB2F3F24F1B}
		{490ADA20-39D9-4573-A93E-B67B7106C7EF}.0 = {686118BE-D165-4FF4-9C71-01888C1FA335}
		{DFF234B9-257A-4288-AA8F-1DE2A5968F1F}.0 = {686118BE-D165-4FF4-9C71-01888C1FA335}
		{F634AFB1-88D6-4D11-807D-56D9051E99CF}.0 = {686118BE-D165-4FF4-9C71-01888C1FA335}
		{F634AFB1-88D6-4D11-807D-56D9051E99CF}.1 = {273BD496-A6B2-47DC-A85B-BDB2F3F24F1B}
		{F634AFB1-88D6-4D11-807D-56D9051E99CF}.2 = {472E3C81-BE01-404C-929E-911A15D70664}
		{E0AE8BF4-7B8A-4046-8E62-31A27C0B4EE7}.0 = {686118BE-D165-4FF4-9C71-01888C1FA335}
		{6F708C54-44FC-4965-91D1-B735AF590E43}.0 = {686118BE-D165-4FF4-9C71-01888C1FA335}
		{ED8E1B67-2E10-44D5-B7D9-CB5BE8CF2521}.0 = {686118BE-D165-4FF4-9C71-01888C1FA335}
		{A2B02253-FE37-4661-BCD3-B8858B10C937}.0 = {686118BE-D165-4FF4-9C71-01888C1FA335}
		{34A776B3-9F7E-49E3-8003-F0D7ACD08185}.0 = {686118BE-D165-4FF4-9C71-01888C1FA335}
		{34A776B3-9F7E-49E3-8003-F0D7ACD08185}.1 = {0E8A3051-6DED-4748-BAEC-83142F41D3DB}
		{5CD9C570-2A3F-40A1-9E44-99EF6DD15AEE}.0 = {686118BE-D165-4FF4-9C71-01888C1FA335}
		{EBCAEC84-B625-4024-A781-C6C1E8FD8E20}.0 = {686118BE-D165-4FF4-9C71-01888C1FA335}
		{8B42AC64-5540-4BF2-B906-AE2CFA8B28CD}.0 = {686118BE-D165-4FF4-9C71-01888C1FA335}
		{2B465357-821F-4172-9768-3A466A5F1DF3}.0 = {686118BE-D165-4FF4-9C71-01888C1FA335}
		{7168FE8E-AD6D-4989-9B3D-A1E8B8BA8C2B}.0 = {686118BE-D165-4FF4-9C71-01888C1FA335}
		{146D2602-E4B1-494C-BDAE-91C1E59FBEE7}.0 = {686118BE-D165-4FF4-9C71-01888C1FA335}
		{0B8FA9CF-610B-4361-A7D8-25EF753AB3D8}.0 = {686118BE-D165-4FF4-9C71-01888C1FA335}
		{D82FB003-ADF5-4A73-B481-9C9EB1B5BE03}.0 = {686118BE-D165-4FF4-9C71-01888C1FA335}
		{98464024-260A-4F71-A4D0-9C647AE3BEE5}.0 = {686118BE-D165-4FF4-9C71-01888C1FA335}
		{912E2F99-E3B9-44D4-817E-B3180598EED9}.0 = {686118BE-D165-4FF4-9C71-01888C1FA335}
		{912E2F99-E3B9-44D4-817E-B3180598EED9}.1 = {2B37A51A-ADDD-4FDB-BFB7-219F0AF0EA8C}
		{912E2F99-E3B9-44D4-817E-B3180598EED9}.2 = {273BD496-A6B2-47DC-A85B-BDB2F3F24F1B}
		{7F245BA2-6296-49C5-B20A-F3449FC9E972}.0 = {686118BE-D165-4FF4-9C71-01888C1FA335}
		{5AA8D44E-B1A7-4A36-A059-205F3E8E817D}.0 = {686118BE-D165-4FF4-9C71-01888C1FA335}
		{4E3451DE-F81F-4A7A-ACED-8DD3B2C6C7E5}.0 = {686118BE-D165-4FF4-9C71-01888C1FA335}
		{06BAAD28-85F5-4BFA-B0A8-8B2839135209}.0 = {686118BE-D165-4FF4-9C71-01888C1FA335}
		{06BAAD28-85F5-4BFA-B0A8-8B2839135209}.1 = {F5398FEB-B6D1-4EEE-8DDB-D17E72E06F14}
		{06BAAD28-85F5-4BFA-B0A8-8B2839135209}.2 = {273BD496-A6B2-47DC-A85B-BDB2F3F24F1B}
		{735E606E-B26B-4012-B76C-93C43B888ABD}.0 = {686118BE-D165-4FF4-9C71-01888C1FA335}
		{BD4ED6B6-70F9-4D05-83AC-F33C705E9D02}.0 = {686118BE-D165-4FF4-9C71-01888C1FA335}
		{5A26F6BA-AC6F-4A99-AEB9-708AA71C4259}.0 = {686118BE-D165-4FF4-9C71-01888C1FA335}
		{5A26F6BA-AC6F-4A99-AEB9-708AA71C4259}.1 = {2B37A51A-ADDD-4FDB-BFB7-219F0AF0EA8C}
		{5A26F6BA-AC6F-4A99-AEB9-708AA71C4259}.2 = {273BD496-A6B2-47DC-A85B-BDB2F3F24F1B}
		{BD920221-E93D-4C25-9C99-1D5262B1B8FA}.0 = {686118BE-D165-4FF4-9C71-01888C1FA335}
		{BD920221-E93D-4C25-9C99-1D5262B1B8FA}.1 = {2B37A51A-ADDD-4FDB-BFB7-219F0AF0EA8C}
		{BD920221-E93D-4C25-9C99-1D5262B1B8FA}.2 = {273BD496-A6B2-47DC-A85B-BDB2F3F24F1B}
		{5B2506E0-2CE9-4B53-8678-275BB291CFA2}.0 = {686118BE-D165-4FF4-9C71-01888C1FA335}
		{5B2506E0-2CE9-4B53-8678-275BB291CFA2}.1 = {2B37A51A-ADDD-4FDB-BFB7-219F0AF0EA8C}
		{5B2506E0-2CE9-4B53-8678-275BB291CFA2}.2 = {273BD496-A6B2-47DC-A85B-BDB2F3F24F1B}
		{0F139CA1-25F6-4200-8537-D6D0397262B5}.0 = {686118BE-D165-4FF4-9C71-01888C1FA335}
		{9A60DC54-3CE7-49A6-9A9B-A673B9639B73}.0 = {686118BE-D165-4FF4-9C71-01888C1FA335}
		{E2A8D2E9-005A-4088-8AE6-4544E8CD451E}.0 = {686118BE-D165-4FF4-9C71-01888C1FA335}
		{F49EF637-7B4E-4791-8B70-CBDE206C2CA1}.0 = {686118BE-D165-4FF4-9C71-01888C1FA335}
		{31393056-0FBB-4488-A83E-EACBD5A41FD5}.0 = {686118BE-D165-4FF4-9C71-01888C1FA335}
		{01EBB177-F2C0-40E3-AF61-9A9A2EC4059C}.0 = {686118BE-D165-4FF4-9C71-01888C1FA335}
		{4C45A02C-12BD-4A35-B8FE-DF118D1F3805}.0 = {686118BE-D165-4FF4-9C71-01888C1FA335}
		{E0200CF0-A70E-4C78-AB7C-1A70C65669FD}.0 = {686118BE-D165-4FF4-9C71-01888C1FA335}
		{DAEA330C-C4F4-4F74-B193-5E85C4D16C96}.0 = {686118BE-D165-4FF4-9C71-01888C1FA335}
		{5D2F273B-B2DB-44A6-AB92-EBE71BB24B3F}.0 = {686118BE-D165-4FF4-9C71-01888C1FA335}
		{05F970CF-0B13-42DC-8F89-A1A030DA9EA0}.0 = {686118BE-D165-4FF4-9C71-01888C1FA335}
		{05F970CF-0B13-42DC-8F89-A1A030DA9EA0}.1 = {0E8A3051-6DED-4748-BAEC-83142F41D3DB}
		{A608ED9C-355D-4B12-B60A-32878A2A597C}.0 = {686118BE-D165-4FF4-9C71-01888C1FA335}
		{892AEAC1-88C5-4E0D-BB3B-F220AEBA5FFE}.0 = {686118BE-D165-4FF4-9C71-01888C1FA335}
		{892AEAC1-88C5-4E0D-BB3B-F220AEBA5FFE}.1 = {2B37A51A-ADDD-4FDB-BFB7-219F0AF0EA8C}
		{F77B9ED0-ECA3-4732-A767-EB58CC586F71}.0 = {686118BE-D165-4FF4-9C71-01888C1FA335}
		{706D3344-73C9-4303-A66D-D31908C0E889}.0 = {686118BE-D165-4FF4-9C71-01888C1FA335}
		{B706F00D-9D24-4713-A12C-ACC40560E2FE}.0 = {686118BE-D165-4FF4-9C71-01888C1FA335}
		{505C30F4-D262-4117-8A46-C52D3E8315FE}.0 = {686118BE-D165-4FF4-9C71-01888C1FA335}
		{505C30F4-D262-4117-8A46-C52D3E8315FE}.1 = {50FB5CA8-6054-4EAA-966A-9C66943088BB}
		{F7858B60-DB16-45C3-94F2-F52673F53D06}.0 = {686118BE-D165-4FF4-9C71-01888C1FA335}
		{D2EEA650-4EB2-45CF-AEEE-7C01C790053D}.0 = {686118BE-D165-4FF4-9C71-01888C1FA335}
		{DA451EA0-CAA9-49A7-BB18-C9D6F64520FD}.0 = {686118BE-D165-4FF4-9C71-01888C1FA335}
		{DA451EA0-CAA9-49A7-BB18-C9D6F64520FD}.1 = {0E8A3051-6DED-4748-BAEC-83142F41D3DB}
		{614156BB-A516-4B4C-8014-A22AB2FDBB14}.0 = {686118BE-D165-4FF4-9C71-01888C1FA335}
		{715B5D1E-4C6F-435F-8AB6-419B588CB9B4}.0 = {686118BE-D165-4FF4-9C71-01888C1FA335}
		{C8286559-73FA-4750-A2AC-5068161F41CC}.0 = {686118BE-D165-4FF4-9C71-01888C1FA335}
		{5858265E-F29E-48E1-B056-BFD4B58D2204}.0 = {686118BE-D165-4FF4-9C71-01888C1FA335}
		{94E7473F-9E08-4CDD-9C59-4913C6291591}.0 = {686118BE-D165-4FF4-9C71-01888C1FA335}
		{7A989A82-561A-4914-A398-A69C342CFCAB}.0 = {686118BE-D165-4FF4-9C71-01888C1FA335}
		{7A989A82-561A-4914-A398-A69C342CFCAB}.1 = {39809867-C808-4DE3-B87E-7AEFD17EB044}
		{88545AAD-BC7E-4F38-AE1E-E1A4877A6727}.0 = {686118BE-D165-4FF4-9C71-01888C1FA335}
		{88545AAD-BC7E-4F38-AE1E-E1A4877A6727}.1 = {DD2F1882-14AD-443A-9114-7C9D0939A4E0}
		{E527214C-DE51-43BA-BCE4-AC0F083EF5EE}.0 = {686118BE-D165-4FF4-9C71-01888C1FA335}
		{545827FB-B55C-4CEF-B36A-FEE9FC56680B}.0 = {686118BE-D165-4FF4-9C71-01888C1FA335}
		{545827FB-B55C-4CEF-B36A-FEE9FC56680B}.1 = {7AFE514A-B77D-4EF8-B37B-90378743A25A}
		{86A4AEEC-EF44-4466-8606-224AAE2BED69}.0 = {686118BE-D165-4FF4-9C71-01888C1FA335}
		{6C0FDE7C-CFB8-4F86-A5FB-6271CECEEE78}.0 = {686118BE-D165-4FF4-9C71-01888C1FA335}
		{0FF63444-58C2-452A-AD70-2748BFB4BC46}.0 = {686118BE-D165-4FF4-9C71-01888C1FA335}
		{32B4F6CC-84D5-47D1-B00D-25903DDF2977}.0 = {686118BE-D165-4FF4-9C71-01888C1FA335}
		{4360C72A-C50E-45C9-8F9E-4645CF8F0908}.0 = {686118BE-D165-4FF4-9C71-01888C1FA335}
		{07161578-BFD5-4B4F-BEF8-F3E35135A054}.0 = {686118BE-D165-4FF4-9C71-01888C1FA335}
		{07161578-BFD5-4B4F-BEF8-F3E35135A054}.1 = {7AFE514A-B77D-4EF8-B37B-90378743A25A}
		{AAF30955-55CD-4493-87C7-D75C322CCCE2}.0 = {686118BE-D165-4FF4-9C71-01888C1FA335}
		{8E7BD904-2F29-47F3-A78C-8070E14B2EC6}.0 = {686118BE-D165-4FF4-9C71-01888C1FA335}
		{8A2F1F96-0B19-4608-90C5-DD010C3316A8}.0 = {32A8676F-7D8F-4531-A882-B329CD69D622}
		{8A2F1F96-0B19-4608-90C5-DD010C3316A8}.1 = {ACA8913C-E932-4535-99C0-F1A54D299D99}
		{CF0783CF-563E-4264-AC99-36AFDAE8D926}.0 = {686118BE-D165-4FF4-9C71-01888C1FA335}
		{CF0783CF-563E-4264-AC99-36AFDAE8D926}.1 = {7AFE514A-B77D-4EF8-B37B-90378743A25A}
		{4939E9E6-7F46-4328-8B03-B1F6303127A9}.0 = {686118BE-D165-4FF4-9C71-01888C1FA335}
		{4939E9E6-7F46-4328-8B03-B1F6303127A9}.1 = {7AFE514A-B77D-4EF8-B37B-90378743A25A}
		{4939E9E6-7F46-4328-8B03-B1F6303127A9}.2 = {53188244-E612-4EBC-9C2F-41DE63D7A733}
	EndGlobalSection
	GlobalSection(ProjectConfiguration) = postSolution
		{C7877A7E-B9C6-4F89-97F1-D11CB1F5B078}.Debug.ActiveCfg = Debug|x64
		{C7877A7E-B9C6-4F89-97F1-D11CB1F5B078}.Debug.Build.0 = Debug|x64
		{C7877A7E-B9C6-4F89-97F1-D11CB1F5B078}.Release.ActiveCfg = Release|x64
		{C7877A7E-B9C6-4F89-97F1-D11CB1F5B078}.Release.Build.0 = Release|x64
		{472E3C81-BE01-404C-929E-911A15D70664}.Debug.ActiveCfg = Debug|x64
		{472E3C81-BE01-404C-929E-911A15D70664}.Debug.Build.0 = Debug|x64
		{472E3C81-BE01-404C-929E-911A15D70664}.Release.ActiveCfg = Release|x64
		{472E3C81-BE01-404C-929E-911A15D70664}.Release.Build.0 = Release|x64
		{4460B653-749A-448F-A9B7-8181751C97BA}.Debug.ActiveCfg = Debug|x64
		{4460B653-749A-448F-A9B7-8181751C97BA}.Debug.Build.0 = Debug|x64
		{4460B653-749A-448F-A9B7-8181751C97BA}.Release.ActiveCfg = Release|x64
		{4460B653-749A-448F-A9B7-8181751C97BA}.Release.Build.0 = Release|x64
		{32A8676F-7D8F-4531-A882-B329CD69D622}.Debug.ActiveCfg = Debug|x64
		{32A8676F-7D8F-4531-A882-B329CD69D622}.Debug.Build.0 = Debug|x64
		{32A8676F-7D8F-4531-A882-B329CD69D622}.Release.ActiveCfg = Release|x64
		{32A8676F-7D8F-4531-A882-B329CD69D622}.Release.Build.0 = Release|x64
		{ACA8913C-E932-4535-99C0-F1A54D299D99}.Debug.ActiveCfg = Debug|x64
		{ACA8913C-E932-4535-99C0-F1A54D299D99}.Debug.Build.0 = Debug|x64
		{ACA8913C-E932-4535-99C0-F1A54D299D99}.Release.ActiveCfg = Release|x64
		{ACA8913C-E932-4535-99C0-F1A54D299D99}.Release.Build.0 = Release|x64
		{C451F13A-B3A1-4991-AC8B-BBFC1F91D46B}.Debug.ActiveCfg = Debug|x64
		{C451F13A-B3A1-4991-AC8B-BBFC1F91D46B}.Debug.Build.0 = Debug|x64
		{C451F13A-B3A1-4991-AC8B-BBFC1F91D46B}.Release.ActiveCfg = Release|x64
		{C451F13A-B3A1-4991-AC8B-BBFC1F91D46B}.Release.Build.0 = Release|x64
		{0E8A3051-6DED-4748-BAEC-83142F41D3DB}.Debug.ActiveCfg = Debug|x64
		{0E8A3051-6DED-4748-BAEC-83142F41D3DB}.Debug.Build.0 = Debug|x64
		{0E8A3051-6DED-4748-BAEC-83142F41D3DB}.Release.ActiveCfg = Release|x64
		{0E8A3051-6DED-4748-BAEC-83142F41D3DB}.Release.Build.0 = Release|x64
		{686118BE-D165-4FF4-9C71-01888C1FA335}.Debug.ActiveCfg = Debug|x64
		{686118BE-D165-4FF4-9C71-01888C1FA335}.Debug.Build.0 = Debug|x64
		{686118BE-D165-4FF4-9C71-01888C1FA335}.Release.ActiveCfg = Release|x64
		{686118BE-D165-4FF4-9C71-01888C1FA335}.Release.Build.0 = Release|x64
		{53188244-E612-4EBC-9C2F-41DE63D7A733}.Debug.ActiveCfg = Debug|x64
		{53188244-E612-4EBC-9C2F-41DE63D7A733}.Debug.Build.0 = Debug|x64
		{53188244-E612-4EBC-9C2F-41DE63D7A733}.Release.ActiveCfg = Release|x64
		{53188244-E612-4EBC-9C2F-41DE63D7A733}.Release.Build.0 = Release|x64
		{F5398FEB-B6D1-4EEE-8DDB-D17E72E06F14}.Debug.ActiveCfg = Debug|x64
		{F5398FEB-B6D1-4EEE-8DDB-D17E72E06F14}.Debug.Build.0 = Debug|x64
		{F5398FEB-B6D1-4EEE-8DDB-D17E72E06F14}.Release.ActiveCfg = Release|x64
		{F5398FEB-B6D1-4EEE-8DDB-D17E72E06F14}.Release.Build.0 = Release|x64
		{2B37A51A-ADDD-4FDB-BFB7-219F0AF0EA8C}.Debug.ActiveCfg = Debug|x64
		{2B37A51A-ADDD-4FDB-BFB7-219F0AF0EA8C}.Debug.Build.0 = Debug|x64
		{2B37A51A-ADDD-4FDB-BFB7-219F0AF0EA8C}.Release.ActiveCfg = Release|x64
		{2B37A51A-ADDD-4FDB-BFB7-219F0AF0EA8C}.Release.Build.0 = Release|x64
		{50FB5CA8-6054-4EAA-966A-9C66943088BB}.Debug.ActiveCfg = Debug|x64
		{50FB5CA8-6054-4EAA-966A-9C66943088BB}.Debug.Build.0 = Debug|x64
		{50FB5CA8-6054-4EAA-966A-9C66943088BB}.Release.ActiveCfg = Release|x64
		{50FB5CA8-6054-4EAA-966A-9C66943088BB}.Release.Build.0 = Release|x64
		{435FDE46-F3D4-4EDC-8631-AD6741119223}.Debug.ActiveCfg = Debug|x64
		{435FDE46-F3D4-4EDC-8631-AD6741119223}.Debug.Build.0 = Debug|x64
		{435FDE46-F3D4-4EDC-8631-AD6741119223}.Release.ActiveCfg = Release|x64
		{435FDE46-F3D4-4EDC-8631-AD6741119223}.Release.Build.0 = Release|x64
		{39809867-C808-4DE3-B87E-7AEFD17EB044}.Debug.ActiveCfg = Debug|x64
		{39809867-C808-4DE3-B87E-7AEFD17EB044}.Debug.Build.0 = Debug|x64
		{39809867-C808-4DE3-B87E-7AEFD17EB044}.Release.ActiveCfg = Release|x64
		{39809867-C808-4DE3-B87E-7AEFD17EB044}.Release.Build.0 = Release|x64
		{7AFE514A-B77D-4EF8-B37B-90378743A25A}.Debug.ActiveCfg = Debug|x64
		{7AFE514A-B77D-4EF8-B37B-90378743A25A}.Debug.Build.0 = Debug|x64
		{7AFE514A-B77D-4EF8-B37B-90378743A25A}.Release.ActiveCfg = Release|x64
		{7AFE514A-B77D-4EF8-B37B-90378743A25A}.Release.Build.0 = Release|x64
		{273BD496-A6B2-47DC-A85B-BDB2F3F24F1B}.Debug.ActiveCfg = Debug|x64
		{273BD496-A6B2-47DC-A85B-BDB2F3F24F1B}.Debug.Build.0 = Debug|x64
		{273BD496-A6B2-47DC-A85B-BDB2F3F24F1B}.Release.ActiveCfg = Release|x64
		{273BD496-A6B2-47DC-A85B-BDB2F3F24F1B}.Release.Build.0 = Release|x64
		{DD2F1882-14AD-443A-9114-7C9D0939A4E0}.Debug.ActiveCfg = Debug|x64
		{DD2F1882-14AD-443A-9114-7C9D0939A4E0}.Debug.Build.0 = Debug|x64
		{DD2F1882-14AD-443A-9114-7C9D0939A4E0}.Release.ActiveCfg = Release|x64
		{DD2F1882-14AD-443A-9114-7C9D0939A4E0}.Release.Build.0 = Release|x64
		{D312DD30-3B52-4185-83E5-A7DE52C04A90}.Debug.ActiveCfg = Debug|x64
		{D312DD30-3B52-4185-83E5-A7DE52C04A90}.Debug.Build.0 = Debug|x64
		{D312DD30-3B52-4185-83E5-A7DE52C04A90}.Release.ActiveCfg = Release|x64
		{D312DD30-3B52-4185-83E5-A7DE52C04A90}.Release.Build.0 = Release|x64
		{1FCE35C9-4642-4125-8800-E00B7F140813}.Debug.ActiveCfg = Debug|x64
		{1FCE35C9-4642-4125-8800-E00B7F140813}.Debug.Build.0 = Debug|x64
		{1FCE35C9-4642-4125-8800-E00B7F140813}.Release.ActiveCfg = Release|x64
		{1FCE35C9-4642-4125-8800-E00B7F140813}.Release.Build.0 = Release|x64
		{F2CD321F-985D-4A72-A686-996042F4C299}.Debug.ActiveCfg = Debug|x64
		{F2CD321F-985D-4A72-A686-996042F4C299}.Debug.Build.0 = Debug|x64
		{F2CD321F-985D-4A72-A686-996042F4C299}.Release.ActiveCfg = Release|x64
		{F2CD321F-985D-4A72-A686-996042F4C299}.Release.Build.0 = Release|x64
		{9452C8F0-46D7-43A2-ACFB-52BFF8B91560}.Debug.ActiveCfg = Debug|x64
		{9452C8F0-46D7-43A2-ACFB-52BFF8B91560}.Debug.Build.0 = Debug|x64
		{9452C8F0-46D7-43A2-ACFB-52BFF8B91560}.Release.ActiveCfg = Release|x64
		{9452C8F0-46D7-43A2-ACFB-52BFF8B91560}.Release.Build.0 = Release|x64
		{E7A58A18-ADE2-4D99-9513-830232FD326E}.Debug.ActiveCfg = Debug|x64
		{E7A58A18-ADE2-4D99-9513-830232FD326E}.Debug.Build.0 = Debug|x64
		{E7A58A18-ADE2-4D99-9513-830232FD326E}.Release.ActiveCfg = Release|x64
		{E7A58A18-ADE2-4D99-9513-830232FD326E}.Release.Build.0 = Release|x64
		{B3BCCC73-4E97-41D8-9898-D54BD2C05292}.Debug.ActiveCfg = Debug|x64
		{B3BCCC73-4E97-41D8-9898-D54BD2C05292}.Debug.Build.0 = Debug|x64
		{B3BCCC73-4E97-41D8-9898-D54BD2C05292}.Release.ActiveCfg = Release|x64
		{B3BCCC73-4E97-41D8-9898-D54BD2C05292}.Release.Build.0 = Release|x64
		{E40B2720-2D7B-4D19-BDF7-DF3B832FE9B1}.Debug.ActiveCfg = Debug|x64
		{E40B2720-2D7B-4D19-BDF7-DF3B832FE9B1}.Debug.Build.0 = Debug|x64
		{E40B2720-2D7B-4D19-BDF7-DF3B832FE9B1}.Release.ActiveCfg = Release|x64
		{E40B2720-2D7B-4D19-BDF7-DF3B832FE9B1}.Release.Build.0 = Release|x64
		{5FD7DB06-F80F-4CF8-A203-69B213BC1991}.Debug.ActiveCfg = Debug|x64
		{5FD7DB06-F80F-4CF8-A203-69B213BC1991}.Debug.Build.0 = Debug|x64
		{5FD7DB06-F80F-4CF8-A203-69B213BC1991}.Release.ActiveCfg = Release|x64
		{5FD7DB06-F80F-4CF8-A203-69B213BC1991}.Release.Build.0 = Release|x64
		{A83DBE87-304D-46D7-B31F-F583662E80E2}.Debug.ActiveCfg = Debug|x64
		{A83DBE87-304D-46D7-B31F-F583662E80E2}.Debug.Build.0 = Debug|x64
		{A83DBE87-304D-46D7-B31F-F583662E80E2}.Release.ActiveCfg = Release|x64
		{A83DBE87-304D-46D7-B31F-F583662E80E2}.Release.Build.0 = Release|x64
		{90A123C5-9988-4A4D-BC20-082AF6F1153D}.Debug.ActiveCfg = Debug|x64
		{90A123C5-9988-4A4D-BC20-082AF6F1153D}.Debug.Build.0 = Debug|x64
		{90A123C5-9988-4A4D-BC20-082AF6F1153D}.Release.ActiveCfg = Release|x64
		{90A123C5-9988-4A4D-BC20-082AF6F1153D}.Release.Build.0 = Release|x64
		{4ED2896D-D57A-4671-826B-8E4DDF9FFD7F}.Debug.ActiveCfg = Debug|x64
		{4ED2896D-D57A-4671-826B-8E4DDF9FFD7F}.Debug.Build.0 = Debug|x64
		{4ED2896D-D57A-4671-826B-8E4DDF9FFD7F}.Release.ActiveCfg = Release|x64
		{4ED2896D-D57A-4671-826B-8E4DDF9FFD7F}.Release.Build.0 = Release|x64
		{2B6E5094-C2E6-4FF8-B74B-B31C3F7D0155}.Debug.ActiveCfg = Debug|x64
		{2B6E5094-C2E6-4FF8-B74B-B31C3F7D0155}.Debug.Build.0 = Debug|x64
		{2B6E5094-C2E6-4FF8-B74B-B31C3F7D0155}.Release.ActiveCfg = Release|x64
		{2B6E5094-C2E6-4FF8-B74B-B31C3F7D0155}.Release.Build.0 = Release|x64
		{0DA82149-DAA1-4F66-B04C-3781E6EF77C0}.Debug.ActiveCfg = Debug|x64
		{0DA82149-DAA1-4F66-B04C-3781E6EF77C0}.Debug.Build.0 = Debug|x64
		{0DA82149-DAA1-4F66-B04C-3781E6EF77C0}.Release.ActiveCfg = Release|x64
		{0DA82149-DAA1-4F66-B04C-3781E6EF77C0}.Release.Build.0 = Release|x64
		{2CF47CA9-15A7-4080-951D-220D1DD67D68}.Debug.ActiveCfg = Debug|x64
		{2CF47CA9-15A7-4080-951D-220D1DD67D68}.Debug.Build.0 = Debug|x64
		{2CF47CA9-15A7-4080-951D-220D1DD67D68}.Release.ActiveCfg = Release|x64
		{2CF47CA9-15A7-4080-951D-220D1DD67D68}.Release.Build.0 = Release|x64
		{025FABC6-7DEF-4093-AE4C-8CF1660BED3E}.Debug.ActiveCfg = Debug|x64
		{025FABC6-7DEF-4093-AE4C-8CF1660BED3E}.Debug.Build.0 = Debug|x64
		{025FABC6-7DEF-4093-AE4C-8CF1660BED3E}.Release.ActiveCfg = Release|x64
		{025FABC6-7DEF-4093-AE4C-8CF1660BED3E}.Release.Build.0 = Release|x64
		{C0C0D5EE-D7F2-410C-B4D0-8FB278C42233}.Debug.ActiveCfg = Debug|x64
		{C0C0D5EE-D7F2-410C-B4D0-8FB278C42233}.Debug.Build.0 = Debug|x64
		{C0C0D5EE-D7F2-410C-B4D0-8FB278C42233}.Release.ActiveCfg = Release|x64
		{C0C0D5EE-D7F2-410C-B4D0-8FB278C42233}.Release.Build.0 = Release|x64
		{FB26D4DB-3D5F-4719-B270-B05F33FC1A5F}.Debug.ActiveCfg = Debug|x64
		{FB26D4DB-3D5F-4719-B270-B05F33FC1A5F}.Debug.Build.0 = Debug|x64
		{FB26D4DB-3D5F-4719-B270-B05F33FC1A5F}.Release.ActiveCfg = Release|x64
		{FB26D4DB-3D5F-4719-B270-B05F33FC1A5F}.Release.Build.0 = Release|x64
		{DF816F03-5B1A-4251-BBA9-DA629AEF9CCD}.Debug.ActiveCfg = Debug|x64
		{DF816F03-5B1A-4251-BBA9-DA629AEF9CCD}.Debug.Build.0 = Debug|x64
		{DF816F03-5B1A-4251-BBA9-DA629AEF9CCD}.Release.ActiveCfg = Release|x64
		{DF816F03-5B1A-4251-BBA9-DA629AEF9CCD}.Release.Build.0 = Release|x64
		{C40445A6-A270-464E-9500-B59708797EC3}.Debug.ActiveCfg = Debug|x64
		{C40445A6-A270-464E-9500-B59708797EC3}.Debug.Build.0 = Debug|x64
		{C40445A6-A270-464E-9500-B59708797EC3}.Release.ActiveCfg = Release|x64
		{C40445A6-A270-464E-9500-B59708797EC3}.Release.Build.0 = Release|x64
		{7A17766D-7DB1-45C1-8E82-DA7EA815A43E}.Debug.ActiveCfg = Debug|x64
		{7A17766D-7DB1-45C1-8E82-DA7EA815A43E}.Debug.Build.0 = Debug|x64
		{7A17766D-7DB1-45C1-8E82-DA7EA815A43E}.Release.ActiveCfg = Release|x64
		{7A17766D-7DB1-45C1-8E82-DA7EA815A43E}.Release.Build.0 = Release|x64
		{8521C932-E397-4D34-8247-91E4F4FE4F73}.Debug.ActiveCfg = Debug|x64
		{8521C932-E397-4D34-8247-91E4F4FE4F73}.Debug.Build.0 = Debug|x64
		{8521C932-E397-4D34-8247-91E4F4FE4F73}.Release.ActiveCfg = Release|x64
		{8521C932-E397-4D34-8247-91E4F4FE4F73}.Release.Build.0 = Release|x64
		{DBB9C141-8E5D-4EF2-982F-DFB85950A26D}.Debug.ActiveCfg = Debug|x64
		{DBB9C141-8E5D-4EF2-982F-DFB85950A26D}.Debug.Build.0 = Debug|x64
		{DBB9C141-8E5D-4EF2-982F-DFB85950A26D}.Release.ActiveCfg = Release|x64
		{DBB9C141-8E5D-4EF2-982F-DFB85950A26D}.Release.Build.0 = Release|x64
		{4BA24B35-5274-4E60-ABFC-3D3BB7B81DEA}.Debug.ActiveCfg = Debug|x64
		{4BA24B35-5274-4E60-ABFC-3D3BB7B81DEA}.Debug.Build.0 = Debug|x64
		{4BA24B35-5274-4E60-ABFC-3D3BB7B81DEA}.Release.ActiveCfg = Release|x64
		{4BA24B35-5274-4E60-ABFC-3D3BB7B81DEA}.Release.Build.0 = Release|x64
		{194FBB94-566E-4E46-8163-A15C541D0856}.Debug.ActiveCfg = Debug|x64
		{194FBB94-566E-4E46-8163-A15C541D0856}.Debug.Build.0 = Debug|x64
		{194FBB94-566E-4E46-8163-A15C541D0856}.Release.ActiveCfg = Release|x64
		{194FBB94-566E-4E46-8163-A15C541D0856}.Release.Build.0 = Release|x64
		{77E2EB59-7616-4EF8-AD56-0A08E349B77D}.Debug.ActiveCfg = Debug|x64
		{77E2EB59-7616-4EF8-AD56-0A08E349B77D}.Debug.Build.0 = Debug|x64
		{77E2EB59-7616-4EF8-AD56-0A08E349B77D}.Release.ActiveCfg = Release|x64
		{77E2EB59-7616-4EF8-AD56-0A08E349B77D}.Release.Build.0 = Release|x64
		{C59DFC43-D41C-4103-B31E-1231165810D7}.Debug.ActiveCfg = Debug|x64
		{C59DFC43-D41C-4103-B31E-1231165810D7}.Debug.Build.0 = Debug|x64
		{C59DFC43-D41C-4103-B31E-1231165810D7}.Release.ActiveCfg = Release|x64
		{C59DFC43-D41C-4103-B31E-1231165810D7}.Release.Build.0 = Release|x64
		{5BFC4742-6530-422A-8DE4-05F922D8A50B}.Debug.ActiveCfg = Debug|x64
		{5BFC4742-6530-422A-8DE4-05F922D8A50B}.Debug.Build.0 = Debug|x64
		{5BFC4742-6530-422A-8DE4-05F922D8A50B}.Release.ActiveCfg = Release|x64
		{5BFC4742-6530-422A-8DE4-05F922D8A50B}.Release.Build.0 = Release|x64
		{743D9824-3BD3-4765-BFB3-0E2D6E596544}.Debug.ActiveCfg = Debug|x64
		{743D9824-3BD3-4765-BFB3-0E2D6E596544}.Debug.Build.0 = Debug|x64
		{743D9824-3BD3-4765-BFB3-0E2D6E596544}.Release.ActiveCfg = Release|x64
		{743D9824-3BD3-4765-BFB3-0E2D6E596544}.Release.Build.0 = Release|x64
		{736A0832-D315-4E06-908E-5BDB80F728A2}.Debug.ActiveCfg = Debug|x64
		{736A0832-D315-4E06-908E-5BDB80F728A2}.Debug.Build.0 = Debug|x64
		{736A0832-D315-4E06-908E-5BDB80F728A2}.Release.ActiveCfg = Release|x64
		{736A0832-D315-4E06-908E-5BDB80F728A2}.Release.Build.0 = Release|x64
		{DDB91FD0-D8F5-45BC-A482-E39EFE68DA99}.Debug.ActiveCfg = Debug|x64
		{DDB91FD0-D8F5-45BC-A482-E39EFE68DA99}.Debug.Build.0 = Debug|x64
		{DDB91FD0-D8F5-45BC-A482-E39EFE68DA99}.Release.ActiveCfg = Release|x64
		{DDB91FD0-D8F5-45BC-A482-E39EFE68DA99}.Release.Build.0 = Release|x64
		{4D80728E-873E-4ECC-8ADD-12E109259F9D}.Debug.ActiveCfg = Debug|x64
		{4D80728E-873E-4ECC-8ADD-12E109259F9D}.Debug.Build.0 = Debug|x64
		{4D80728E-873E-4ECC-8ADD-12E109259F9D}.Release.ActiveCfg = Release|x64
		{4D80728E-873E-4ECC-8ADD-12E109259F9D}.Release.Build.0 = Release|x64
		{C419DE30-1A30-422D-AEA8-6377773D0254}.Debug.ActiveCfg = Debug|x64
		{C419DE30-1A30-422D-AEA8-6377773D0254}.Debug.Build.0 = Debug|x64
		{C419DE30-1A30-422D-AEA8-6377773D0254}.Release.ActiveCfg = Release|x64
		{C419DE30-1A30-422D-AEA8-6377773D0254}.Release.Build.0 = Release|x64
		{4A61D221-966D-4CBB-9810-9CE4F2C91291}.Debug.ActiveCfg = Debug|x64
		{4A61D221-966D-4CBB-9810-9CE4F2C91291}.Debug.Build.0 = Debug|x64
		{4A61D221-966D-4CBB-9810-9CE4F2C91291}.Release.ActiveCfg = Release|x64
		{4A61D221-966D-4CBB-9810-9CE4F2C91291}.Release.Build.0 = Release|x64
		{E06C1578-02CC-4680-9678-A28B5B6368DB}.Debug.ActiveCfg = Debug|x64
		{E06C1578-02CC-4680-9678-A28B5B6368DB}.Debug.Build.0 = Debug|x64
		{E06C1578-02CC-4680-9678-A28B5B6368DB}.Release.ActiveCfg = Release|x64
		{E06C1578-02CC-4680-9678-A28B5B6368DB}.Release.Build.0 = Release|x64
		{C11B8107-E797-40B5-96B7-D43D4F3E0C58}.Debug.ActiveCfg = Debug|x64
		{C11B8107-E797-40B5-96B7-D43D4F3E0C58}.Debug.Build.0 = Debug|x64
		{C11B8107-E797-40B5-96B7-D43D4F3E0C58}.Release.ActiveCfg = Release|x64
		{C11B8107-E797-40B5-96B7-D43D4F3E0C58}.Release.Build.0 = Release|x64
		{52CA1258-577C-4866-AD8E-F3376160ABCB}.Debug.ActiveCfg = Debug|x64
		{52CA1258-577C-4866-AD8E-F3376160ABCB}.Debug.Build.0 = Debug|x64
		{52CA1258-577C-4866-AD8E-F3376160ABCB}.Release.ActiveCfg = Release|x64
		{52CA1258-577C-4866-AD8E-F3376160ABCB}.Release.Build.0 = Release|x64
		{F28C58A1-1098-4D14-AA6D-57B454E6A975}.Debug.ActiveCfg = Debug|x64
		{F28C58A1-1098-4D14-AA6D-57B454E6A975}.Debug.Build.0 = Debug|x64
		{F28C58A1-1098-4D14-AA6D-57B454E6A975}.Release.ActiveCfg = Release|x64
		{F28C58A1-1098-4D14-AA6D-57B454E6A975}.Release.Build.0 = Release|x64
		{FDDED261-8EBB-4A3D-94EF-1720523D4266}.Debug.ActiveCfg = Debug|x64
		{FDDED261-8EBB-4A3D-94EF-1720523D4266}.Debug.Build.0 = Debug|x64
		{FDDED261-8EBB-4A3D-94EF-1720523D4266}.Release.ActiveCfg = Release|x64
		{FDDED261-8EBB-4A3D-94EF-1720523D4266}.Release.Build.0 = Release|x64
		{3D95EA49-1ABB-4DA1-B2C0-8B9D3B6253F4}.Debug.ActiveCfg = Debug|x64
		{3D95EA49-1ABB-4DA1-B2C0-8B9D3B6253F4}.Debug.Build.0 = Debug|x64
		{3D95EA49-1ABB-4DA1-B2C0-8B9D3B6253F4}.Release.ActiveCfg = Release|x64
		{3D95EA49-1ABB-4DA1-B2C0-8B9D3B6253F4}.Release.Build.0 = Release|x64
		{55B52F61-4F26-4B9F-AACF-53E2FC471F5D}.Debug.ActiveCfg = Debug|x64
		{55B52F61-4F26-4B9F-AACF-53E2FC471F5D}.Debug.Build.0 = Debug|x64
		{55B52F61-4F26-4B9F-AACF-53E2FC471F5D}.Release.ActiveCfg = Release|x64
		{55B52F61-4F26-4B9F-AACF-53E2FC471F5D}.Release.Build.0 = Release|x64
		{490ADA20-39D9-4573-A93E-B67B7106C7EF}.Debug.ActiveCfg = Debug|x64
		{490ADA20-39D9-4573-A93E-B67B7106C7EF}.Debug.Build.0 = Debug|x64
		{490ADA20-39D9-4573-A93E-B67B7106C7EF}.Release.ActiveCfg = Release|x64
		{490ADA20-39D9-4573-A93E-B67B7106C7EF}.Release.Build.0 = Release|x64
		{DFF234B9-257A-4288-AA8F-1DE2A5968F1F}.Debug.ActiveCfg = Debug|x64
		{DFF234B9-257A-4288-AA8F-1DE2A5968F1F}.Debug.Build.0 = Debug|x64
		{DFF234B9-257A-4288-AA8F-1DE2A5968F1F}.Release.ActiveCfg = Release|x64
		{DFF234B9-257A-4288-AA8F-1DE2A5968F1F}.Release.Build.0 = Release|x64
		{F634AFB1-88D6-4D11-807D-56D9051E99CF}.Debug.ActiveCfg = Debug|x64
		{F634AFB1-88D6-4D11-807D-56D9051E99CF}.Debug.Build.0 = Debug|x64
		{F634AFB1-88D6-4D11-807D-56D9051E99CF}.Release.ActiveCfg = Release|x64
		{F634AFB1-88D6-4D11-807D-56D9051E99CF}.Release.Build.0 = Release|x64
		{E0AE8BF4-7B8A-4046-8E62-31A27C0B4EE7}.Debug.ActiveCfg = Debug|x64
		{E0AE8BF4-7B8A-4046-8E62-31A27C0B4EE7}.Debug.Build.0 = Debug|x64
		{E0AE8BF4-7B8A-4046-8E62-31A27C0B4EE7}.Release.ActiveCfg = Release|x64
		{E0AE8BF4-7B8A-4046-8E62-31A27C0B4EE7}.Release.Build.0 = Release|x64
		{6F708C54-44FC-4965-91D1-B735AF590E43}.Debug.ActiveCfg = Debug|x64
		{6F708C54-44FC-4965-91D1-B735AF590E43}.Debug.Build.0 = Debug|x64
		{6F708C54-44FC-4965-91D1-B735AF590E43}.Release.ActiveCfg = Release|x64
		{6F708C54-44FC-4965-91D1-B735AF590E43}.Release.Build.0 = Release|x64
		{ED8E1B67-2E10-44D5-B7D9-CB5BE8CF2521}.Debug.ActiveCfg = Debug|x64
		{ED8E1B67-2E10-44D5-B7D9-CB5BE8CF2521}.Debug.Build.0 = Debug|x64
		{ED8E1B67-2E10-44D5-B7D9-CB5BE8CF2521}.Release.ActiveCfg = Release|x64
		{ED8E1B67-2E10-44D5-B7D9-CB5BE8CF2521}.Release.Build.0 = Release|x64
		{A2B02253-FE37-4661-BCD3-B8858B10C937}.Debug.ActiveCfg = Debug|x64
		{A2B02253-FE37-4661-BCD3-B8858B10C937}.Debug.Build.0 = Debug|x64
		{A2B02253-FE37-4661-BCD3-B8858B10C937}.Release.ActiveCfg = Release|x64
		{A2B02253-FE37-4661-BCD3-B8858B10C937}.Release.Build.0 = Release|x64
		{34A776B3-9F7E-49E3-8003-F0D7ACD08185}.Debug.ActiveCfg = Debug|x64
		{34A776B3-9F7E-49E3-8003-F0D7ACD08185}.Debug.Build.0 = Debug|x64
		{34A776B3-9F7E-49E3-8003-F0D7ACD08185}.Release.ActiveCfg = Release|x64
		{34A776B3-9F7E-49E3-8003-F0D7ACD08185}.Release.Build.0 = Release|x64
		{5CD9C570-2A3F-40A1-9E44-99EF6DD15AEE}.Debug.ActiveCfg = Debug|x64
		{5CD9C570-2A3F-40A1-9E44-99EF6DD15AEE}.Debug.Build.0 = Debug|x64
		{5CD9C570-2A3F-40A1-9E44-99EF6DD15AEE}.Release.ActiveCfg = Release|x64
		{5CD9C570-2A3F-40A1-9E44-99EF6DD15AEE}.Release.Build.0 = Release|x64
		{EBCAEC84-B625-4024-A781-C6C1E8FD8E20}.Debug.ActiveCfg = Debug|x64
		{EBCAEC84-B625-4024-A781-C6C1E8FD8E20}.Debug.Build.0 = Debug|x64
		{EBCAEC84-B625-4024-A781-C6C1E8FD8E20}.Release.ActiveCfg = Release|x64
		{EBCAEC84-B625-4024-A781-C6C1E8FD8E20}.Release.Build.0 = Release|x64
		{8B42AC64-5540-4BF2-B906-AE2CFA8B28CD}.Debug.ActiveCfg = Debug|x64
		{8B42AC64-5540-4BF2-B906-AE2CFA8B28CD}.Debug.Build.0 = Debug|x64
		{8B42AC64-5540-4BF2-B906-AE2CFA8B28CD}.Release.ActiveCfg = Release|x64
		{8B42AC64-5540-4BF2-B906-AE2CFA8B28CD}.Release.Build.0 = Release|x64
		{2B465357-821F-4172-9768-3A466A5F1DF3}.Debug.ActiveCfg = Debug|x64
		{2B465357-821F-4172-9768-3A466A5F1DF3}.Debug.Build.0 = Debug|x64
		{2B465357-821F-4172-9768-3A466A5F1DF3}.Release.ActiveCfg = Release|x64
		{2B465357-821F-4172-9768-3A466A5F1DF3}.Release.Build.0 = Release|x64
		{7168FE8E-AD6D-4989-9B3D-A1E8B8BA8C2B}.Debug.ActiveCfg = Debug|x64
		{7168FE8E-AD6D-4989-9B3D-A1E8B8BA8C2B}.Debug.Build.0 = Debug|x64
		{7168FE8E-AD6D-4989-9B3D-A1E8B8BA8C2B}.Release.ActiveCfg = Release|x64
		{7168FE8E-AD6D-4989-9B3D-A1E8B8BA8C2B}.Release.Build.0 = Release|x64
		{146D2602-E4B1-494C-BDAE-91C1E59FBEE7}.Debug.ActiveCfg = Debug|x64
		{146D2602-E4B1-494C-BDAE-91C1E59FBEE7}.Debug.Build.0 = Debug|x64
		{146D2602-E4B1-494C-BDAE-91C1E59FBEE7}.Release.ActiveCfg = Release|x64
		{146D2602-E4B1-494C-BDAE-91C1E59FBEE7}.Release.Build.0 = Release|x64
		{0B8FA9CF-610B-4361-A7D8-25EF753AB3D8}.Debug.ActiveCfg = Debug|x64
		{0B8FA9CF-610B-4361-A7D8-25EF753AB3D8}.Debug.Build.0 = Debug|x64
		{0B8FA9CF-610B-4361-A7D8-25EF753AB3D8}.Release.ActiveCfg = Release|x64
		{0B8FA9CF-610B-4361-A7D8-25EF753AB3D8}.Release.Build.0 = Release|x64
		{D82FB003-ADF5-4A73-B481-9C9EB1B5BE03}.Debug.ActiveCfg = Debug|x64
		{D82FB003-ADF5-4A73-B481-9C9EB1B5BE03}.Debug.Build.0 = Debug|x64
		{D82FB003-ADF5-4A73-B481-9C9EB1B5BE03}.Release.ActiveCfg = Release|x64
		{D82FB003-ADF5-4A73-B481-9C9EB1B5BE03}.Release.Build.0 = Release|x64
		{98464024-260A-4F71-A4D0-9C647AE3BEE5}.Debug.ActiveCfg = Debug|x64
		{98464024-260A-4F71-A4D0-9C647AE3BEE5}.Debug.Build.0 = Debug|x64
		{98464024-260A-4F71-A4D0-9C647AE3BEE5}.Release.ActiveCfg = Release|x64
		{98464024-260A-4F71-A4D0-9C647AE3BEE5}.Release.Build.0 = Release|x64
		{912E2F99-E3B9-44D4-817E-B3180598EED9}.Debug.ActiveCfg = Debug|x64
		{912E2F99-E3B9-44D4-817E-B3180598EED9}.Debug.Build.0 = Debug|x64
		{912E2F99-E3B9-44D4-817E-B3180598EED9}.Release.ActiveCfg = Release|x64
		{912E2F99-E3B9-44D4-817E-B3180598EED9}.Release.Build.0 = Release|x64
		{7F245BA2-6296-49C5-B20A-F3449FC9E972}.Debug.ActiveCfg = Debug|x64
		{7F245BA2-6296-49C5-B20A-F3449FC9E972}.Debug.Build.0 = Debug|x64
		{7F245BA2-6296-49C5-B20A-F3449FC9E972}.Release.ActiveCfg = Release|x64
		{7F245BA2-6296-49C5-B20A-F3449FC9E972}.Release.Build.0 = Release|x64
		{5AA8D44E-B1A7-4A36-A059-205F3E8E817D}.Debug.ActiveCfg = Debug|x64
		{5AA8D44E-B1A7-4A36-A059-205F3E8E817D}.Debug.Build.0 = Debug|x64
		{5AA8D44E-B1A7-4A36-A059-205F3E8E817D}.Release.ActiveCfg = Release|x64
		{5AA8D44E-B1A7-4A36-A059-205F3E8E817D}.Release.Build.0 = Release|x64
		{4E3451DE-F81F-4A7A-ACED-8DD3B2C6C7E5}.Debug.ActiveCfg = Debug|x64
		{4E3451DE-F81F-4A7A-ACED-8DD3B2C6C7E5}.Debug.Build.0 = Debug|x64
		{4E3451DE-F81F-4A7A-ACED-8DD3B2C6C7E5}.Release.ActiveCfg = Release|x64
		{4E3451DE-F81F-4A7A-ACED-8DD3B2C6C7E5}.Release.Build.0 = Release|x64
		{06BAAD28-85F5-4BFA-B0A8-8B2839135209}.Debug.ActiveCfg = Debug|x64
		{06BAAD28-85F5-4BFA-B0A8-8B2839135209}.Debug.Build.0 = Debug|x64
		{06BAAD28-85F5-4BFA-B0A8-8B2839135209}.Release.ActiveCfg = Release|x64
		{06BAAD28-85F5-4BFA-B0A8-8B2839135209}.Release.Build.0 = Release|x64
		{735E606E-B26B-4012-B76C-93C43B888ABD}.Debug.ActiveCfg = Debug|x64
		{735E606E-B26B-4012-B76C-93C43B888ABD}.Debug.Build.0 = Debug|x64
		{735E606E-B26B-4012-B76C-93C43B888ABD}.Release.ActiveCfg = Release|x64
		{735E606E-B26B-4012-B76C-93C43B888ABD}.Release.Build.0 = Release|x64
		{BD4ED6B6-70F9-4D05-83AC-F33C705E9D02}.Debug.ActiveCfg = Debug|x64
		{BD4ED6B6-70F9-4D05-83AC-F33C705E9D02}.Debug.Build.0 = Debug|x64
		{BD4ED6B6-70F9-4D05-83AC-F33C705E9D02}.Release.ActiveCfg = Release|x64
		{BD4ED6B6-70F9-4D05-83AC-F33C705E9D02}.Release.Build.0 = Release|x64
		{5A26F6BA-AC6F-4A99-AEB9-708AA71C4259}.Debug.ActiveCfg = Debug|x64
		{5A26F6BA-AC6F-4A99-AEB9-708AA71C4259}.Debug.Build.0 = Debug|x64
		{5A26F6BA-AC6F-4A99-AEB9-708AA71C4259}.Release.ActiveCfg = Release|x64
		{5A26F6BA-AC6F-4A99-AEB9-708AA71C4259}.Release.Build.0 = Release|x64
		{BD920221-E93D-4C25-9C99-1D5262B1B8FA}.Debug.ActiveCfg = Debug|x64
		{BD920221-E93D-4C25-9C99-1D5262B1B8FA}.Debug.Build.0 = Debug|x64
		{BD920221-E93D-4C25-9C99-1D5262B1B8FA}.Release.ActiveCfg = Release|x64
		{BD920221-E93D-4C25-9C99-1D5262B1B8FA}.Release.Build.0 = Release|x64
		{5B2506E0-2CE9-4B53-8678-275BB291CFA2}.Debug.ActiveCfg = Debug|x64
		{5B2506E0-2CE9-4B53-8678-275BB291CFA2}.Debug.Build.0 = Debug|x64
		{5B2506E0-2CE9-4B53-8678-275BB291CFA2}.Release.ActiveCfg = Release|x64
		{5B2506E0-2CE9-4B53-8678-275BB291CFA2}.Release.Build.0 = Release|x64
		{0F139CA1-25F6-4200-8537-D6D0397262B5}.Debug.ActiveCfg = Debug|x64
		{0F139CA1-25F6-4200-8537-D6D0397262B5}.Debug.Build.0 = Debug|x64
		{0F139CA1-25F6-4200-8537-D6D0397262B5}.Release.ActiveCfg = Release|x64
		{0F139CA1-25F6-4200-8537-D6D0397262B5}.Release.Build.0 = Release|x64
		{9A60DC54-3CE7-49A6-9A9B-A673B9639B73}.Debug.ActiveCfg = Debug|x64
		{9A60DC54-3CE7-49A6-9A9B-A673B9639B73}.Debug.Build.0 = Debug|x64
		{9A60DC54-3CE7-49A6-9A9B-A673B9639B73}.Release.ActiveCfg = Release|x64
		{9A60DC54-3CE7-49A6-9A9B-A673B9639B73}.Release.Build.0 = Release|x64
		{E2A8D2E9-005A-4088-8AE6-4544E8CD451E}.Debug.ActiveCfg = Debug|x64
		{E2A8D2E9-005A-4088-8AE6-4544E8CD451E}.Debug.Build.0 = Debug|x64
		{E2A8D2E9-005A-4088-8AE6-4544E8CD451E}.Release.ActiveCfg = Release|x64
		{E2A8D2E9-005A-4088-8AE6-4544E8CD451E}.Release.Build.0 = Release|x64
		{F49EF637-7B4E-4791-8B70-CBDE206C2CA1}.Debug.ActiveCfg = Debug|x64
		{F49EF637-7B4E-4791-8B70-CBDE206C2CA1}.Debug.Build.0 = Debug|x64
		{F49EF637-7B4E-4791-8B70-CBDE206C2CA1}.Release.ActiveCfg = Release|x64
		{F49EF637-7B4E-4791-8B70-CBDE206C2CA1}.Release.Build.0 = Release|x64
		{31393056-0FBB-4488-A83E-EACBD5A41FD5}.Debug.ActiveCfg = Debug|x64
		{31393056-0FBB-4488-A83E-EACBD5A41FD5}.Debug.Build.0 = Debug|x64
		{31393056-0FBB-4488-A83E-EACBD5A41FD5}.Release.ActiveCfg = Release|x64
		{31393056-0FBB-4488-A83E-EACBD5A41FD5}.Release.Build.0 = Release|x64
		{01EBB177-F2C0-40E3-AF61-9A9A2EC4059C}.Debug.ActiveCfg = Debug|x64
		{01EBB177-F2C0-40E3-AF61-9A9A2EC4059C}.Debug.Build.0 = Debug|x64
		{01EBB177-F2C0-40E3-AF61-9A9A2EC4059C}.Release.ActiveCfg = Release|x64
		{01EBB177-F2C0-40E3-AF61-9A9A2EC4059C}.Release.Build.0 = Release|x64
		{4C45A02C-12BD-4A35-B8FE-DF118D1F3805}.Debug.ActiveCfg = Debug|x64
		{4C45A02C-12BD-4A35-B8FE-DF118D1F3805}.Debug.Build.0 = Debug|x64
		{4C45A02C-12BD-4A35-B8FE-DF118D1F3805}.Release.ActiveCfg = Release|x64
		{4C45A02C-12BD-4A35-B8FE-DF118D1F3805}.Release.Build.0 = Release|x64
		{E0200CF0-A70E-4C78-AB7C-1A70C65669FD}.Debug.ActiveCfg = Debug|x64
		{E0200CF0-A70E-4C78-AB7C-1A70C65669FD}.Debug.Build.0 = Debug|x64
		{E0200CF0-A70E-4C78-AB7C-1A70C65669FD}.Release.ActiveCfg = Release|x64
		{E0200CF0-A70E-4C78-AB7C-1A70C65669FD}.Release.Build.0 = Release|x64
		{DAEA330C-C4F4-4F74-B193-5E85C4D16C96}.Debug.ActiveCfg = Debug|x64
		{DAEA330C-C4F4-4F74-B193-5E85C4D16C96}.Debug.Build.0 = Debug|x64
		{DAEA330C-C4F4-4F74-B193-5E85C4D16C96}.Release.ActiveCfg = Release|x64
		{DAEA330C-C4F4-4F74-B193-5E85C4D16C96}.Release.Build.0 = Release|x64
		{5D2F273B-B2DB-44A6-AB92-EBE71BB24B3F}.Debug.ActiveCfg = Debug|x64
		{5D2F273B-B2DB-44A6-AB92-EBE71BB24B3F}.Debug.Build.0 = Debug|x64
		{5D2F273B-B2DB-44A6-AB92-EBE71BB24B3F}.Release.ActiveCfg = Release|x64
		{5D2F273B-B2DB-44A6-AB92-EBE71BB24B3F}.Release.Build.0 = Release|x64
		{05F970CF-0B13-42DC-8F89-A1A030DA9EA0}.Debug.ActiveCfg = Debug|x64
		{05F970CF-0B13-42DC-8F89-A1A030DA9EA0}.Debug.Build.0 = Debug|x64
		{05F970CF-0B13-42DC-8F89-A1A030DA9EA0}.Release.ActiveCfg = Release|x64
		{05F970CF-0B13-42DC-8F89-A1A030DA9EA0}.Release.Build.0 = Release|x64
		{A608ED9C-355D-4B12-B60A-32878A2A597C}.Debug.ActiveCfg = Debug|x64
		{A608ED9C-355D-4B12-B60A-32878A2A597C}.Debug.Build.0 = Debug|x64
		{A608ED9C-355D-4B12-B60A-32878A2A597C}.Release.ActiveCfg = Release|x64
		{A608ED9C-355D-4B12-B60A-32878A2A597C}.Release.Build.0 = Release|x64
		{892AEAC1-88C5-4E0D-BB3B-F220AEBA5FFE}.Debug.ActiveCfg = Debug|x64
		{892AEAC1-88C5-4E0D-BB3B-F220AEBA5FFE}.Debug.Build.0 = Debug|x64
		{892AEAC1-88C5-4E0D-BB3B-F220AEBA5FFE}.Release.ActiveCfg = Release|x64
		{892AEAC1-88C5-4E0D-BB3B-F220AEBA5FFE}.Release.Build.0 = Release|x64
		{F77B9ED0-ECA3-4732-A767-EB58CC586F71}.Debug.ActiveCfg = Debug|x64
		{F77B9ED0-ECA3-4732-A767-EB58CC586F71}.Debug.Build.0 = Debug|x64
		{F77B9ED0-ECA3-4732-A767-EB58CC586F71}.Release.ActiveCfg = Release|x64
		{F77B9ED0-ECA3-4732-A767-EB58CC586F71}.Release.Build.0 = Release|x64
		{706D3344-73C9-4303-A66D-D31908C0E889}.Debug.ActiveCfg = Debug|x64
		{706D3344-73C9-4303-A66D-D31908C0E889}.Debug.Build.0 = Debug|x64
		{706D3344-73C9-4303-A66D-D31908C0E889}.Release.ActiveCfg = Release|x64
		{706D3344-73C9-4303-A66D-D31908C0E889}.Release.Build.0 = Release|x64
		{B706F00D-9D24-4713-A12C-ACC40560E2FE}.Debug.ActiveCfg = Debug|x64
		{B706F00D-9D24-4713-A12C-ACC40560E2FE}.Debug.Build.0 = Debug|x64
		{B706F00D-9D24-4713-A12C-ACC40560E2FE}.Release.ActiveCfg = Release|x64
		{B706F00D-9D24-4713-A12C-ACC40560E2FE}.Release.Build.0 = Release|x64
		{505C30F4-D262-4117-8A46-C52D3E8315FE}.Debug.ActiveCfg = Debug|x64
		{505C30F4-D262-4117-8A46-C52D3E8315FE}.Debug.Build.0 = Debug|x64
		{505C30F4-D262-4117-8A46-C52D3E8315FE}.Release.ActiveCfg = Release|x64
		{505C30F4-D262-4117-8A46-C52D3E8315FE}.Release.Build.0 = Release|x64
		{F7858B60-DB16-45C3-94F2-F52673F53D06}.Debug.ActiveCfg = Debug|x64
		{F7858B60-DB16-45C3-94F2-F52673F53D06}.Debug.Build.0 = Debug|x64
		{F7858B60-DB16-45C3-94F2-F52673F53D06}.Release.ActiveCfg = Release|x64
		{F7858B60-DB16-45C3-94F2-F52673F53D06}.Release.Build.0 = Release|x64
		{D2EEA650-4EB2-45CF-AEEE-7C01C790053D}.Debug.ActiveCfg = Debug|x64
		{D2EEA650-4EB2-45CF-AEEE-7C01C790053D}.Debug.Build.0 = Debug|x64
		{D2EEA650-4EB2-45CF-AEEE-7C01C790053D}.Release.ActiveCfg = Release|x64
		{D2EEA650-4EB2-45CF-AEEE-7C01C790053D}.Release.Build.0 = Release|x64
		{DA451EA0-CAA9-49A7-BB18-C9D6F64520FD}.Debug.ActiveCfg = Debug|x64
		{DA451EA0-CAA9-49A7-BB18-C9D6F64520FD}.Debug.Build.0 = Debug|x64
		{DA451EA0-CAA9-49A7-BB18-C9D6F64520FD}.Release.ActiveCfg = Release|x64
		{DA451EA0-CAA9-49A7-BB18-C9D6F64520FD}.Release.Build.0 = Release|x64
		{614156BB-A516-4B4C-8014-A22AB2FDBB14}.Debug.ActiveCfg = Debug|x64
		{614156BB-A516-4B4C-8014-A22AB2FDBB14}.Debug.Build.0 = Debug|x64
		{614156BB-A516-4B4C-8014-A22AB2FDBB14}.Release.ActiveCfg = Release|x64
		{614156BB-A516-4B4C-8014-A22AB2FDBB14}.Release.Build.0 = Release|x64
		{715B5D1E-4C6F-435F-8AB6-419B588CB9B4}.Debug.ActiveCfg = Debug|x64
		{715B5D1E-4C6F-435F-8AB6-419B588CB9B4}.Debug.Build.0 = Debug|x64
		{715B5D1E-4C6F-435F-8AB6-419B588CB9B4}.Release.ActiveCfg = Release|x64
		{715B5D1E-4C6F-435F-8AB6-419B588CB9B4}.Release.Build.0 = Release|x64
		{C8286559-73FA-4750-A2AC-5068161F41CC}.Debug.ActiveCfg = Debug|x64
		{C8286559-73FA-4750-A2AC-5068161F41CC}.Debug.Build.0 = Debug|x64
		{C8286559-73FA-4750-A2AC-5068161F41CC}.Release.ActiveCfg = Release|x64
		{C8286559-73FA-4750-A2AC-5068161F41CC}.Release.Build.0 = Release|x64
		{5858265E-F29E-48E1-B056-BFD4B58D2204}.Debug.ActiveCfg = Debug|x64
		{5858265E-F29E-48E1-B056-BFD4B58D2204}.Debug.Build.0 = Debug|x64
		{5858265E-F29E-48E1-B056-BFD4B58D2204}.Release.ActiveCfg = Release|x64
		{5858265E-F29E-48E1-B056-BFD4B58D2204}.Release.Build.0 = Release|x64
		{94E7473F-9E08-4CDD-9C59-4913C6291591}.Debug.ActiveCfg = Debug|x64
		{94E7473F-9E08-4CDD-9C59-4913C6291591}.Debug.Build.0 = Debug|x64
		{94E7473F-9E08-4CDD-9C59-4913C6291591}.Release.ActiveCfg = Release|x64
		{94E7473F-9E08-4CDD-9C59-4913C6291591}.Release.Build.0 = Release|x64
		{7A989A82-561A-4914-A398-A69C342CFCAB}.Debug.ActiveCfg = Debug|x64
		{7A989A82-561A-4914-A398-A69C342CFCAB}.Debug.Build.0 = Debug|x64
		{7A989A82-561A-4914-A398-A69C342CFCAB}.Release.ActiveCfg = Release|x64
		{7A989A82-561A-4914-A398-A69C342CFCAB}.Release.Build.0 = Release|x64
		{88545AAD-BC7E-4F38-AE1E-E1A4877A6727}.Debug.ActiveCfg = Debug|x64
		{88545AAD-BC7E-4F38-AE1E-E1A4877A6727}.Debug.Build.0 = Debug|x64
		{88545AAD-BC7E-4F38-AE1E-E1A4877A6727}.Release.ActiveCfg = Release|x64
		{88545AAD-BC7E-4F38-AE1E-E1A4877A6727}.Release.Build.0 = Release|x64
		{E527214C-DE51-43BA-BCE4-AC0F083EF5EE}.Debug.ActiveCfg = Debug|x64
		{E527214C-DE51-43BA-BCE4-AC0F083EF5EE}.Debug.Build.0 = Debug|x64
		{E527214C-DE51-43BA-BCE4-AC0F083EF5EE}.Release.ActiveCfg = Release|x64
		{E527214C-DE51-43BA-BCE4-AC0F083EF5EE}.Release.Build.0 = Release|x64
		{545827FB-B55C-4CEF-B36A-FEE9FC56680B}.Debug.ActiveCfg = Debug|x64
		{545827FB-B55C-4CEF-B36A-FEE9FC56680B}.Debug.Build.0 = Debug|x64
		{545827FB-B55C-4CEF-B36A-FEE9FC56680B}.Release.ActiveCfg = Release|x64
		{545827FB-B55C-4CEF-B36A-FEE9FC56680B}.Release.Build.0 = Release|x64
		{86A4AEEC-EF44-4466-8606-224AAE2BED69}.Debug.ActiveCfg = Debug|x64
		{86A4AEEC-EF44-4466-8606-224AAE2BED69}.Debug.Build.0 = Debug|x64
		{86A4AEEC-EF44-4466-8606-224AAE2BED69}.Release.ActiveCfg = Release|x64
		{86A4AEEC-EF44-4466-8606-224AAE2BED69}.Release.Build.0 = Release|x64
		{6C0FDE7C-CFB8-4F86-A5FB-6271CECEEE78}.Debug.ActiveCfg = Debug|x64
		{6C0FDE7C-CFB8-4F86-A5FB-6271CECEEE78}.Debug.Build.0 = Debug|x64
		{6C0FDE7C-CFB8-4F86-A5FB-6271CECEEE78}.Release.ActiveCfg = Release|x64
		{6C0FDE7C-CFB8-4F86-A5FB-6271CECEEE78}.Release.Build.0 = Release|x64
		{0FF63444-58C2-452A-AD70-2748BFB4BC46}.Debug.ActiveCfg = Debug|x64
		{0FF63444-58C2-452A-AD70-2748BFB4BC46}.Debug.Build.0 = Debug|x64
		{0FF63444-58C2-452A-AD70-2748BFB4BC46}.Release.ActiveCfg = Release|x64
		{0FF63444-58C2-452A-AD70-2748BFB4BC46}.Release.Build.0 = Release|x64
		{32B4F6CC-84D5-47D1-B00D-25903DDF2977}.Debug.ActiveCfg = Debug|x64
		{32B4F6CC-84D5-47D1-B00D-25903DDF2977}.Debug.Build.0 = Debug|x64
		{32B4F6CC-84D5-47D1-B00D-25903DDF2977}.Release.ActiveCfg = Release|x64
		{32B4F6CC-84D5-47D1-B00D-25903DDF2977}.Release.Build.0 = Release|x64
		{4360C72A-C50E-45C9-8F9E-4645CF8F0908}.Debug.ActiveCfg = Debug|x64
		{4360C72A-C50E-45C9-8F9E-4645CF8F0908}.Debug.Build.0 = Debug|x64
		{4360C72A-C50E-45C9-8F9E-4645CF8F0908}.Release.ActiveCfg = Release|x64
		{4360C72A-C50E-45C9-8F9E-4645CF8F0908}.Release.Build.0 = Release|x64
		{07161578-BFD5-4B4F-BEF8-F3E35135A054}.Debug.ActiveCfg = Debug|x64
		{07161578-BFD5-4B4F-BEF8-F3E35135A054}.Debug.Build.0 = Debug|x64
		{07161578-BFD5-4B4F-BEF8-F3E35135A054}.Release.ActiveCfg = Release|x64
		{07161578-BFD5-4B4F-BEF8-F3E35135A054}.Release.Build.0 = Release|x64
		{AAF30955-55CD-4493-87C7-D75C322CCCE2}.Debug.ActiveCfg = Debug|x64
		{AAF30955-55CD-4493-87C7-D75C322CCCE2}.Debug.Build.0 = Debug|x64
		{AAF30955-55CD-4493-87C7-D75C322CCCE2}.Release.ActiveCfg = Release|x64
		{AAF30955-55CD-4493-87C7-D75C322CCCE2}.Release.Build.0 = Release|x64
		{8E7BD904-2F29-47F3-A78C-8070E14B2EC6}.Debug.ActiveCfg = Debug|x64
		{8E7BD904-2F29-47F3-A78C-8070E14B2EC6}.Debug.Build.0 = Debug|x64
		{8E7BD904-2F29-47F3-A78C-8070E14B2EC6}.Release.ActiveCfg = Release|x64
		{8E7BD904-2F29-47F3-A78C-8070E14B2EC6}.Release.Build.0 = Release|x64
		{8A2F1F96-0B19-4608-90C5-DD010C3316A8}.Debug.ActiveCfg = Debug|x64
		{8A2F1F96-0B19-4608-90C5-DD010C3316A8}.Debug.Build.0 = Debug|x64
		{8A2F1F96-0B19-4608-90C5-DD010C3316A8}.Release.ActiveCfg = Release|x64
		{8A2F1F96-0B19-4608-90C5-DD010C3316A8}.Release.Build.0 = Release|x64
		{CF0783CF-563E-4264-AC99-36AFDAE8D926}.Debug.ActiveCfg = Debug|x64
		{CF0783CF-563E-4264-AC99-36AFDAE8D926}.Debug.Build.0 = Debug|x64
		{CF0783CF-563E-4264-AC99-36AFDAE8D926}.Release.ActiveCfg = Release|x64
		{CF0783CF-563E-4264-AC99-36AFDAE8D926}.Release.Build.0 = Release|x64
		{4939E9E6-7F46-4328-8B03-B1F6303127A9}.Debug.ActiveCfg = Debug|x64
		{4939E9E6-7F46-4328-8B03-B1F6303127A9}.Debug.Build.0 = Debug|x64
		{4939E9E6-7F46-4328-8B03-B1F6303127A9}.Release.ActiveCfg = Release|x64
		{4939E9E6-7F46-4328-8B03-B1F6303127A9}.Release.Build.0 = Release|x64
	EndGlobalSection
	GlobalSection(ExtensibilityGlobals) = postSolution
	EndGlobalSection
	GlobalSection(ExtensibilityAddIns) = postSolution
	EndGlobalSection
EndGlobal
