Microsoft Visual Studio Solution File, Format Version 7.00
Project("{8BC9CEB8-8B4A-11D0-8D11-00A0C91BC942}") = "All", ".\All\All.vcproj", "{352D666F-F5C2-4D55-BB67-A9A96337401F}"
Project("{8BC9CEB8-8B4A-11D0-8D11-00A0C91BC942}") = "CORE_bzlib", ".\bzlib\CORE_bzlib_xt_lib.vcproj", "{317F3E63-2B4B-4110-A550-3BADE4934402}"
EndProject
Project("{8BC9CEB8-8B4A-11D0-8D11-00A0C91BC942}") = "CORE_coders", ".\coders\CORE_coders_xt_lib.vcproj", "{8AAD4027-EBD4-4A75-B6CC-496A8B3DB118}"
EndProject
Project("{8BC9CEB8-8B4A-11D0-8D11-00A0C91BC942}") = "CORE_filters", ".\filters\CORE_filters_xt_lib.vcproj", "{ADAC3D4E-86F2-4376-96EA-17E3E43FDFA7}"
EndProject
Project("{8BC9CEB8-8B4A-11D0-8D11-00A0C91BC942}") = "CORE_jbig", ".\jbig\CORE_jbig_xt_lib.vcproj", "{3383DAC3-D13F-4F73-AFF2-5BD5BE3095E9}"
EndProject
Project("{8BC9CEB8-8B4A-11D0-8D11-00A0C91BC942}") = "CORE_jp2", ".\jp2\CORE_jp2_xt_lib.vcproj", "{1491808F-F4CE-452D-8D68-4ABC03849C89}"
EndProject
Project("{8BC9CEB8-8B4A-11D0-8D11-00A0C91BC942}") = "CORE_jpeg", ".\jpeg\CORE_jpeg_xt_lib.vcproj", "{27CE96C1-60EF-4CC3-9613-F36B67ADDEB2}"
EndProject
Project("{8BC9CEB8-8B4A-11D0-8D11-00A0C91BC942}") = "CORE_lcms", ".\lcms\CORE_lcms_xt_lib.vcproj", "{A45B4492-6F7B-4C3B-9569-FED79F718AD3}"
EndProject
Project("{8BC9CEB8-8B4A-11D0-8D11-00A0C91BC942}") = "CORE_libxml", ".\libxml\CORE_libxml_xt_lib.vcproj", "{559C842D-3D4F-49F2-ACE1-3672BADAE19D}"
EndProject
Project("{8BC9CEB8-8B4A-11D0-8D11-00A0C91BC942}") = "CORE_magick", ".\magick\CORE_magick_xt_lib.vcproj", "{9CFA93F9-0083-4DC6-9DBB-18344DBB2268}"
EndProject
Project("{8BC9CEB8-8B4A-11D0-8D11-00A0C91BC942}") = "CORE_Magick++", ".\Magick++\CORE_Magick++_xt_lib.vcproj", "{5796E23E-5F56-453E-BFF1-121FA9BD928C}"
EndProject
Project("{8BC9CEB8-8B4A-11D0-8D11-00A0C91BC942}") = "CORE_png", ".\png\CORE_png_xt_lib.vcproj", "{D5CD3A42-CB9A-4E0C-B659-CC6875879D81}"
EndProject
Project("{8BC9CEB8-8B4A-11D0-8D11-00A0C91BC942}") = "CORE_tiff", ".\tiff\CORE_tiff_xt_lib.vcproj", "{71980E61-5B2E-414B-8393-1EC206AB5AEC}"
EndProject
Project("{8BC9CEB8-8B4A-11D0-8D11-00A0C91BC942}") = "CORE_ttf", ".\ttf\CORE_ttf_xt_lib.vcproj", "{99081851-D317-4F8E-AE57-09F8186905ED}"
EndProject
Project("{8BC9CEB8-8B4A-11D0-8D11-00A0C91BC942}") = "CORE_wand", ".\wand\CORE_wand_xt_lib.vcproj", "{2B9B7519-D6A8-47FE-9352-53EED7D1D5B5}"
EndProject
Project("{8BC9CEB8-8B4A-11D0-8D11-00A0C91BC942}") = "CORE_webp", ".\webp\CORE_webp_xt_lib.vcproj", "{ABBF2C54-DE87-4D0F-9373-BF198F6DE8A2}"
EndProject
Project("{8BC9CEB8-8B4A-11D0-8D11-00A0C91BC942}") = "CORE_xlib", ".\xlib\CORE_xlib_xt_lib.vcproj", "{69EA7B4C-3343-4E07-9243-E49D91FD3587}"
EndProject
Project("{8BC9CEB8-8B4A-11D0-8D11-00A0C91BC942}") = "CORE_zlib", ".\zlib\CORE_zlib_xt_lib.vcproj", "{10CCEA0B-27F3-4E55-B5AD-E2C7C07225FD}"
EndProject
Project("{8BC9CEB8-8B4A-11D0-8D11-00A0C91BC942}") = "CORE_wmf", ".\wmf\CORE_wmf_xt_lib.vcproj", "{CDDD99FE-DD60-4354-9962-91676A1980EA}"
EndProject
Project("{8BC9CEB8-8B4A-11D0-8D11-00A0C91BC942}") = "UTIL_dcraw", ".\dcraw\UTIL_dcraw_xt_exe.vcproj", "{F8653D8C-CA3B-4392-B7C0-BB29FEEF9810}"
EndProject
Project("{8BC9CEB8-8B4A-11D0-8D11-00A0C91BC942}") = "UTIL_gm", ".\utilities\UTIL_gm_xt_exe.vcproj", "{46E70C91-D82D-4445-A9FB-9FD562C24CC1}"
EndProject
Project("{8BC9CEB8-8B4A-11D0-8D11-00A0C91BC942}") = "UTIL_IMDisplay", ".\win2k\IMDisplay\UTIL_IMDisplay_xt_exe.vcproj", "{BE875382-3F3C-4DA1-9688-E8EA96205EBC}"
EndProject
EndProject
Global
	GlobalSection(SolutionConfiguration) = preSolution
		ConfigName.0 = Debug
		ConfigName.1 = Release
	EndGlobalSection
	GlobalSection(ProjectDependencies) = postSolution
		{352D666F-F5C2-4D55-BB67-A9A96337401F}.0 = {10CCEA0B-27F3-4E55-B5AD-E2C7C07225FD}
		{352D666F-F5C2-4D55-BB67-A9A96337401F}.1 = {317F3E63-2B4B-4110-A550-3BADE4934402}
		{352D666F-F5C2-4D55-BB67-A9A96337401F}.2 = {27CE96C1-60EF-4CC3-9613-F36B67ADDEB2}
		{352D666F-F5C2-4D55-BB67-A9A96337401F}.3 = {8AAD4027-EBD4-4A75-B6CC-496A8B3DB118}
		{352D666F-F5C2-4D55-BB67-A9A96337401F}.4 = {ADAC3D4E-86F2-4376-96EA-17E3E43FDFA7}
		{352D666F-F5C2-4D55-BB67-A9A96337401F}.5 = {3383DAC3-D13F-4F73-AFF2-5BD5BE3095E9}
		{352D666F-F5C2-4D55-BB67-A9A96337401F}.6 = {1491808F-F4CE-452D-8D68-4ABC03849C89}
		{352D666F-F5C2-4D55-BB67-A9A96337401F}.7 = {A45B4492-6F7B-4C3B-9569-FED79F718AD3}
		{352D666F-F5C2-4D55-BB67-A9A96337401F}.8 = {559C842D-3D4F-49F2-ACE1-3672BADAE19D}
		{352D666F-F5C2-4D55-BB67-A9A96337401F}.9 = {D5CD3A42-CB9A-4E0C-B659-CC6875879D81}
		{352D666F-F5C2-4D55-BB67-A9A96337401F}.10 = {71980E61-5B2E-414B-8393-1EC206AB5AEC}
		{352D666F-F5C2-4D55-BB67-A9A96337401F}.11 = {99081851-D317-4F8E-AE57-09F8186905ED}
		{352D666F-F5C2-4D55-BB67-A9A96337401F}.12 = {2B9B7519-D6A8-47FE-9352-53EED7D1D5B5}
		{352D666F-F5C2-4D55-BB67-A9A96337401F}.13 = {ABBF2C54-DE87-4D0F-9373-BF198F6DE8A2}
		{352D666F-F5C2-4D55-BB67-A9A96337401F}.14 = {69EA7B4C-3343-4E07-9243-E49D91FD3587}
		{352D666F-F5C2-4D55-BB67-A9A96337401F}.15 = {CDDD99FE-DD60-4354-9962-91676A1980EA}
		{352D666F-F5C2-4D55-BB67-A9A96337401F}.16 = {9CFA93F9-0083-4DC6-9DBB-18344DBB2268}
		{352D666F-F5C2-4D55-BB67-A9A96337401F}.17 = {5796E23E-5F56-453E-BFF1-121FA9BD928C}
		{352D666F-F5C2-4D55-BB67-A9A96337401F}.18 = {F8653D8C-CA3B-4392-B7C0-BB29FEEF9810}
		{352D666F-F5C2-4D55-BB67-A9A96337401F}.19 = {46E70C91-D82D-4445-A9FB-9FD562C24CC1}
		{352D666F-F5C2-4D55-BB67-A9A96337401F}.20 = {BE875382-3F3C-4DA1-9688-E8EA96205EBC}
		{F8653D8C-CA3B-4392-B7C0-BB29FEEF9810}.0 = {10CCEA0B-27F3-4E55-B5AD-E2C7C07225FD}
		{F8653D8C-CA3B-4392-B7C0-BB29FEEF9810}.1 = {317F3E63-2B4B-4110-A550-3BADE4934402}
		{F8653D8C-CA3B-4392-B7C0-BB29FEEF9810}.2 = {27CE96C1-60EF-4CC3-9613-F36B67ADDEB2}
		{F8653D8C-CA3B-4392-B7C0-BB29FEEF9810}.3 = {8AAD4027-EBD4-4A75-B6CC-496A8B3DB118}
		{F8653D8C-CA3B-4392-B7C0-BB29FEEF9810}.4 = {ADAC3D4E-86F2-4376-96EA-17E3E43FDFA7}
		{F8653D8C-CA3B-4392-B7C0-BB29FEEF9810}.5 = {3383DAC3-D13F-4F73-AFF2-5BD5BE3095E9}
		{F8653D8C-CA3B-4392-B7C0-BB29FEEF9810}.6 = {1491808F-F4CE-452D-8D68-4ABC03849C89}
		{F8653D8C-CA3B-4392-B7C0-BB29FEEF9810}.7 = {A45B4492-6F7B-4C3B-9569-FED79F718AD3}
		{F8653D8C-CA3B-4392-B7C0-BB29FEEF9810}.8 = {559C842D-3D4F-49F2-ACE1-3672BADAE19D}
		{F8653D8C-CA3B-4392-B7C0-BB29FEEF9810}.9 = {D5CD3A42-CB9A-4E0C-B659-CC6875879D81}
		{F8653D8C-CA3B-4392-B7C0-BB29FEEF9810}.10 = {71980E61-5B2E-414B-8393-1EC206AB5AEC}
		{F8653D8C-CA3B-4392-B7C0-BB29FEEF9810}.11 = {99081851-D317-4F8E-AE57-09F8186905ED}
		{F8653D8C-CA3B-4392-B7C0-BB29FEEF9810}.12 = {2B9B7519-D6A8-47FE-9352-53EED7D1D5B5}
		{F8653D8C-CA3B-4392-B7C0-BB29FEEF9810}.13 = {ABBF2C54-DE87-4D0F-9373-BF198F6DE8A2}
		{F8653D8C-CA3B-4392-B7C0-BB29FEEF9810}.14 = {69EA7B4C-3343-4E07-9243-E49D91FD3587}
		{F8653D8C-CA3B-4392-B7C0-BB29FEEF9810}.15 = {CDDD99FE-DD60-4354-9962-91676A1980EA}
		{F8653D8C-CA3B-4392-B7C0-BB29FEEF9810}.16 = {9CFA93F9-0083-4DC6-9DBB-18344DBB2268}
		{46E70C91-D82D-4445-A9FB-9FD562C24CC1}.0 = {10CCEA0B-27F3-4E55-B5AD-E2C7C07225FD}
		{46E70C91-D82D-4445-A9FB-9FD562C24CC1}.1 = {317F3E63-2B4B-4110-A550-3BADE4934402}
		{46E70C91-D82D-4445-A9FB-9FD562C24CC1}.2 = {27CE96C1-60EF-4CC3-9613-F36B67ADDEB2}
		{46E70C91-D82D-4445-A9FB-9FD562C24CC1}.3 = {8AAD4027-EBD4-4A75-B6CC-496A8B3DB118}
		{46E70C91-D82D-4445-A9FB-9FD562C24CC1}.4 = {ADAC3D4E-86F2-4376-96EA-17E3E43FDFA7}
		{46E70C91-D82D-4445-A9FB-9FD562C24CC1}.5 = {3383DAC3-D13F-4F73-AFF2-5BD5BE3095E9}
		{46E70C91-D82D-4445-A9FB-9FD562C24CC1}.6 = {1491808F-F4CE-452D-8D68-4ABC03849C89}
		{46E70C91-D82D-4445-A9FB-9FD562C24CC1}.7 = {A45B4492-6F7B-4C3B-9569-FED79F718AD3}
		{46E70C91-D82D-4445-A9FB-9FD562C24CC1}.8 = {559C842D-3D4F-49F2-ACE1-3672BADAE19D}
		{46E70C91-D82D-4445-A9FB-9FD562C24CC1}.9 = {D5CD3A42-CB9A-4E0C-B659-CC6875879D81}
		{46E70C91-D82D-4445-A9FB-9FD562C24CC1}.10 = {71980E61-5B2E-414B-8393-1EC206AB5AEC}
		{46E70C91-D82D-4445-A9FB-9FD562C24CC1}.11 = {99081851-D317-4F8E-AE57-09F8186905ED}
		{46E70C91-D82D-4445-A9FB-9FD562C24CC1}.12 = {2B9B7519-D6A8-47FE-9352-53EED7D1D5B5}
		{46E70C91-D82D-4445-A9FB-9FD562C24CC1}.13 = {ABBF2C54-DE87-4D0F-9373-BF198F6DE8A2}
		{46E70C91-D82D-4445-A9FB-9FD562C24CC1}.14 = {69EA7B4C-3343-4E07-9243-E49D91FD3587}
		{46E70C91-D82D-4445-A9FB-9FD562C24CC1}.15 = {CDDD99FE-DD60-4354-9962-91676A1980EA}
		{46E70C91-D82D-4445-A9FB-9FD562C24CC1}.16 = {9CFA93F9-0083-4DC6-9DBB-18344DBB2268}
		{BE875382-3F3C-4DA1-9688-E8EA96205EBC}.0 = {10CCEA0B-27F3-4E55-B5AD-E2C7C07225FD}
		{BE875382-3F3C-4DA1-9688-E8EA96205EBC}.1 = {317F3E63-2B4B-4110-A550-3BADE4934402}
		{BE875382-3F3C-4DA1-9688-E8EA96205EBC}.2 = {27CE96C1-60EF-4CC3-9613-F36B67ADDEB2}
		{BE875382-3F3C-4DA1-9688-E8EA96205EBC}.3 = {8AAD4027-EBD4-4A75-B6CC-496A8B3DB118}
		{BE875382-3F3C-4DA1-9688-E8EA96205EBC}.4 = {ADAC3D4E-86F2-4376-96EA-17E3E43FDFA7}
		{BE875382-3F3C-4DA1-9688-E8EA96205EBC}.5 = {3383DAC3-D13F-4F73-AFF2-5BD5BE3095E9}
		{BE875382-3F3C-4DA1-9688-E8EA96205EBC}.6 = {1491808F-F4CE-452D-8D68-4ABC03849C89}
		{BE875382-3F3C-4DA1-9688-E8EA96205EBC}.7 = {A45B4492-6F7B-4C3B-9569-FED79F718AD3}
		{BE875382-3F3C-4DA1-9688-E8EA96205EBC}.8 = {559C842D-3D4F-49F2-ACE1-3672BADAE19D}
		{BE875382-3F3C-4DA1-9688-E8EA96205EBC}.9 = {D5CD3A42-CB9A-4E0C-B659-CC6875879D81}
		{BE875382-3F3C-4DA1-9688-E8EA96205EBC}.10 = {71980E61-5B2E-414B-8393-1EC206AB5AEC}
		{BE875382-3F3C-4DA1-9688-E8EA96205EBC}.11 = {99081851-D317-4F8E-AE57-09F8186905ED}
		{BE875382-3F3C-4DA1-9688-E8EA96205EBC}.12 = {2B9B7519-D6A8-47FE-9352-53EED7D1D5B5}
		{BE875382-3F3C-4DA1-9688-E8EA96205EBC}.13 = {ABBF2C54-DE87-4D0F-9373-BF198F6DE8A2}
		{BE875382-3F3C-4DA1-9688-E8EA96205EBC}.14 = {69EA7B4C-3343-4E07-9243-E49D91FD3587}
		{BE875382-3F3C-4DA1-9688-E8EA96205EBC}.15 = {CDDD99FE-DD60-4354-9962-91676A1980EA}
		{BE875382-3F3C-4DA1-9688-E8EA96205EBC}.16 = {9CFA93F9-0083-4DC6-9DBB-18344DBB2268}
		{BE875382-3F3C-4DA1-9688-E8EA96205EBC}.17 = {5796E23E-5F56-453E-BFF1-121FA9BD928C}
	EndGlobalSection
	GlobalSection(ProjectConfiguration) = postSolution
		{352D666F-F5C2-4D55-BB67-A9A96337401F}.Debug.ActiveCfg = Debug|x64
		{352D666F-F5C2-4D55-BB67-A9A96337401F}.Debug.Build.0 = Debug|x64
		{352D666F-F5C2-4D55-BB67-A9A96337401F}.Release.ActiveCfg = Release|x64
		{352D666F-F5C2-4D55-BB67-A9A96337401F}.Release.Build.0 = Release|x64
		{317F3E63-2B4B-4110-A550-3BADE4934402}.Debug.ActiveCfg = Debug|x64
		{317F3E63-2B4B-4110-A550-3BADE4934402}.Debug.Build.0 = Debug|x64
		{317F3E63-2B4B-4110-A550-3BADE4934402}.Release.ActiveCfg = Release|x64
		{317F3E63-2B4B-4110-A550-3BADE4934402}.Release.Build.0 = Release|x64
		{8AAD4027-EBD4-4A75-B6CC-496A8B3DB118}.Debug.ActiveCfg = Debug|x64
		{8AAD4027-EBD4-4A75-B6CC-496A8B3DB118}.Debug.Build.0 = Debug|x64
		{8AAD4027-EBD4-4A75-B6CC-496A8B3DB118}.Release.ActiveCfg = Release|x64
		{8AAD4027-EBD4-4A75-B6CC-496A8B3DB118}.Release.Build.0 = Release|x64
		{ADAC3D4E-86F2-4376-96EA-17E3E43FDFA7}.Debug.ActiveCfg = Debug|x64
		{ADAC3D4E-86F2-4376-96EA-17E3E43FDFA7}.Debug.Build.0 = Debug|x64
		{ADAC3D4E-86F2-4376-96EA-17E3E43FDFA7}.Release.ActiveCfg = Release|x64
		{ADAC3D4E-86F2-4376-96EA-17E3E43FDFA7}.Release.Build.0 = Release|x64
		{3383DAC3-D13F-4F73-AFF2-5BD5BE3095E9}.Debug.ActiveCfg = Debug|x64
		{3383DAC3-D13F-4F73-AFF2-5BD5BE3095E9}.Debug.Build.0 = Debug|x64
		{3383DAC3-D13F-4F73-AFF2-5BD5BE3095E9}.Release.ActiveCfg = Release|x64
		{3383DAC3-D13F-4F73-AFF2-5BD5BE3095E9}.Release.Build.0 = Release|x64
		{1491808F-F4CE-452D-8D68-4ABC03849C89}.Debug.ActiveCfg = Debug|x64
		{1491808F-F4CE-452D-8D68-4ABC03849C89}.Debug.Build.0 = Debug|x64
		{1491808F-F4CE-452D-8D68-4ABC03849C89}.Release.ActiveCfg = Release|x64
		{1491808F-F4CE-452D-8D68-4ABC03849C89}.Release.Build.0 = Release|x64
		{27CE96C1-60EF-4CC3-9613-F36B67ADDEB2}.Debug.ActiveCfg = Debug|x64
		{27CE96C1-60EF-4CC3-9613-F36B67ADDEB2}.Debug.Build.0 = Debug|x64
		{27CE96C1-60EF-4CC3-9613-F36B67ADDEB2}.Release.ActiveCfg = Release|x64
		{27CE96C1-60EF-4CC3-9613-F36B67ADDEB2}.Release.Build.0 = Release|x64
		{A45B4492-6F7B-4C3B-9569-FED79F718AD3}.Debug.ActiveCfg = Debug|x64
		{A45B4492-6F7B-4C3B-9569-FED79F718AD3}.Debug.Build.0 = Debug|x64
		{A45B4492-6F7B-4C3B-9569-FED79F718AD3}.Release.ActiveCfg = Release|x64
		{A45B4492-6F7B-4C3B-9569-FED79F718AD3}.Release.Build.0 = Release|x64
		{559C842D-3D4F-49F2-ACE1-3672BADAE19D}.Debug.ActiveCfg = Debug|x64
		{559C842D-3D4F-49F2-ACE1-3672BADAE19D}.Debug.Build.0 = Debug|x64
		{559C842D-3D4F-49F2-ACE1-3672BADAE19D}.Release.ActiveCfg = Release|x64
		{559C842D-3D4F-49F2-ACE1-3672BADAE19D}.Release.Build.0 = Release|x64
		{9CFA93F9-0083-4DC6-9DBB-18344DBB2268}.Debug.ActiveCfg = Debug|x64
		{9CFA93F9-0083-4DC6-9DBB-18344DBB2268}.Debug.Build.0 = Debug|x64
		{9CFA93F9-0083-4DC6-9DBB-18344DBB2268}.Release.ActiveCfg = Release|x64
		{9CFA93F9-0083-4DC6-9DBB-18344DBB2268}.Release.Build.0 = Release|x64
		{5796E23E-5F56-453E-BFF1-121FA9BD928C}.Debug.ActiveCfg = Debug|x64
		{5796E23E-5F56-453E-BFF1-121FA9BD928C}.Debug.Build.0 = Debug|x64
		{5796E23E-5F56-453E-BFF1-121FA9BD928C}.Release.ActiveCfg = Release|x64
		{5796E23E-5F56-453E-BFF1-121FA9BD928C}.Release.Build.0 = Release|x64
		{D5CD3A42-CB9A-4E0C-B659-CC6875879D81}.Debug.ActiveCfg = Debug|x64
		{D5CD3A42-CB9A-4E0C-B659-CC6875879D81}.Debug.Build.0 = Debug|x64
		{D5CD3A42-CB9A-4E0C-B659-CC6875879D81}.Release.ActiveCfg = Release|x64
		{D5CD3A42-CB9A-4E0C-B659-CC6875879D81}.Release.Build.0 = Release|x64
		{71980E61-5B2E-414B-8393-1EC206AB5AEC}.Debug.ActiveCfg = Debug|x64
		{71980E61-5B2E-414B-8393-1EC206AB5AEC}.Debug.Build.0 = Debug|x64
		{71980E61-5B2E-414B-8393-1EC206AB5AEC}.Release.ActiveCfg = Release|x64
		{71980E61-5B2E-414B-8393-1EC206AB5AEC}.Release.Build.0 = Release|x64
		{99081851-D317-4F8E-AE57-09F8186905ED}.Debug.ActiveCfg = Debug|x64
		{99081851-D317-4F8E-AE57-09F8186905ED}.Debug.Build.0 = Debug|x64
		{99081851-D317-4F8E-AE57-09F8186905ED}.Release.ActiveCfg = Release|x64
		{99081851-D317-4F8E-AE57-09F8186905ED}.Release.Build.0 = Release|x64
		{2B9B7519-D6A8-47FE-9352-53EED7D1D5B5}.Debug.ActiveCfg = Debug|x64
		{2B9B7519-D6A8-47FE-9352-53EED7D1D5B5}.Debug.Build.0 = Debug|x64
		{2B9B7519-D6A8-47FE-9352-53EED7D1D5B5}.Release.ActiveCfg = Release|x64
		{2B9B7519-D6A8-47FE-9352-53EED7D1D5B5}.Release.Build.0 = Release|x64
		{ABBF2C54-DE87-4D0F-9373-BF198F6DE8A2}.Debug.ActiveCfg = Debug|x64
		{ABBF2C54-DE87-4D0F-9373-BF198F6DE8A2}.Debug.Build.0 = Debug|x64
		{ABBF2C54-DE87-4D0F-9373-BF198F6DE8A2}.Release.ActiveCfg = Release|x64
		{ABBF2C54-DE87-4D0F-9373-BF198F6DE8A2}.Release.Build.0 = Release|x64
		{69EA7B4C-3343-4E07-9243-E49D91FD3587}.Debug.ActiveCfg = Debug|x64
		{69EA7B4C-3343-4E07-9243-E49D91FD3587}.Debug.Build.0 = Debug|x64
		{69EA7B4C-3343-4E07-9243-E49D91FD3587}.Release.ActiveCfg = Release|x64
		{69EA7B4C-3343-4E07-9243-E49D91FD3587}.Release.Build.0 = Release|x64
		{10CCEA0B-27F3-4E55-B5AD-E2C7C07225FD}.Debug.ActiveCfg = Debug|x64
		{10CCEA0B-27F3-4E55-B5AD-E2C7C07225FD}.Debug.Build.0 = Debug|x64
		{10CCEA0B-27F3-4E55-B5AD-E2C7C07225FD}.Release.ActiveCfg = Release|x64
		{10CCEA0B-27F3-4E55-B5AD-E2C7C07225FD}.Release.Build.0 = Release|x64
		{CDDD99FE-DD60-4354-9962-91676A1980EA}.Debug.ActiveCfg = Debug|x64
		{CDDD99FE-DD60-4354-9962-91676A1980EA}.Debug.Build.0 = Debug|x64
		{CDDD99FE-DD60-4354-9962-91676A1980EA}.Release.ActiveCfg = Release|x64
		{CDDD99FE-DD60-4354-9962-91676A1980EA}.Release.Build.0 = Release|x64
		{F8653D8C-CA3B-4392-B7C0-BB29FEEF9810}.Debug.ActiveCfg = Debug|x64
		{F8653D8C-CA3B-4392-B7C0-BB29FEEF9810}.Debug.Build.0 = Debug|x64
		{F8653D8C-CA3B-4392-B7C0-BB29FEEF9810}.Release.ActiveCfg = Release|x64
		{F8653D8C-CA3B-4392-B7C0-BB29FEEF9810}.Release.Build.0 = Release|x64
		{46E70C91-D82D-4445-A9FB-9FD562C24CC1}.Debug.ActiveCfg = Debug|x64
		{46E70C91-D82D-4445-A9FB-9FD562C24CC1}.Debug.Build.0 = Debug|x64
		{46E70C91-D82D-4445-A9FB-9FD562C24CC1}.Release.ActiveCfg = Release|x64
		{46E70C91-D82D-4445-A9FB-9FD562C24CC1}.Release.Build.0 = Release|x64
		{BE875382-3F3C-4DA1-9688-E8EA96205EBC}.Debug.ActiveCfg = Debug|x64
		{BE875382-3F3C-4DA1-9688-E8EA96205EBC}.Debug.Build.0 = Debug|x64
		{BE875382-3F3C-4DA1-9688-E8EA96205EBC}.Release.ActiveCfg = Release|x64
		{BE875382-3F3C-4DA1-9688-E8EA96205EBC}.Release.Build.0 = Release|x64
	EndGlobalSection
	GlobalSection(ExtensibilityGlobals) = postSolution
	EndGlobalSection
	GlobalSection(ExtensibilityAddIns) = postSolution
	EndGlobalSection
EndGlobal
