Microsoft Visual Studio Solution File, Format Version 7.00
Project("{8BC9CEB8-8B4A-11D0-8D11-00A0C91BC942}") = "All", ".\All\All.vcproj", "{3E5D3655-D3D5-46A2-AEC2-CEB48EF77858}"
Project("{8BC9CEB8-8B4A-11D0-8D11-00A0C91BC942}") = "CORE_bzlib", ".\bzlib\CORE_bzlib_mtdll_lib.vcproj", "{3D55A0DF-61BE-4EB3-B8FE-C6688AE51C08}"
EndProject
Project("{8BC9CEB8-8B4A-11D0-8D11-00A0C91BC942}") = "CORE_coders", ".\coders\CORE_coders_mtdll_lib.vcproj", "{444A80F7-F0FC-4BC5-BC57-0C156C00D1A0}"
EndProject
Project("{8BC9CEB8-8B4A-11D0-8D11-00A0C91BC942}") = "CORE_filters", ".\filters\CORE_filters_mtdll_lib.vcproj", "{C69DAE77-F856-4B27-B4C3-0F46280D2313}"
EndProject
Project("{8BC9CEB8-8B4A-11D0-8D11-00A0C91BC942}") = "CORE_jbig", ".\jbig\CORE_jbig_mtdll_lib.vcproj", "{C1713312-2576-41D4-BE71-765E35EE1235}"
EndProject
Project("{8BC9CEB8-8B4A-11D0-8D11-00A0C91BC942}") = "CORE_jp2", ".\jp2\CORE_jp2_mtdll_lib.vcproj", "{99E69F89-453F-4992-BDDF-CA48C477A92F}"
EndProject
Project("{8BC9CEB8-8B4A-11D0-8D11-00A0C91BC942}") = "CORE_jpeg", ".\jpeg\CORE_jpeg_mtdll_lib.vcproj", "{62C0604F-BBF6-4190-8191-7E608FD8FFD2}"
EndProject
Project("{8BC9CEB8-8B4A-11D0-8D11-00A0C91BC942}") = "CORE_lcms", ".\lcms\CORE_lcms_mtdll_lib.vcproj", "{3B8054FB-6FBF-469E-ADF0-EC0171EB6D64}"
EndProject
Project("{8BC9CEB8-8B4A-11D0-8D11-00A0C91BC942}") = "CORE_libxml", ".\libxml\CORE_libxml_mtdll_lib.vcproj", "{86F38011-B934-4462-A943-CC5C10981F74}"
EndProject
Project("{8BC9CEB8-8B4A-11D0-8D11-00A0C91BC942}") = "CORE_magick", ".\magick\CORE_magick_mtdll_lib.vcproj", "{F747AE02-A0A4-470B-AFDF-91E44D30A5DC}"
EndProject
Project("{8BC9CEB8-8B4A-11D0-8D11-00A0C91BC942}") = "CORE_Magick++", ".\Magick++\CORE_Magick++_mtdll_lib.vcproj", "{FB888B3D-ACF4-48E0-B549-DFE10B4E8EA2}"
EndProject
Project("{8BC9CEB8-8B4A-11D0-8D11-00A0C91BC942}") = "CORE_png", ".\png\CORE_png_mtdll_lib.vcproj", "{9FA56218-4C26-43D6-B522-25708DD9C133}"
EndProject
Project("{8BC9CEB8-8B4A-11D0-8D11-00A0C91BC942}") = "CORE_tiff", ".\tiff\CORE_tiff_mtdll_lib.vcproj", "{F072DCAE-0179-43F7-BDA0-08E33406B484}"
EndProject
Project("{8BC9CEB8-8B4A-11D0-8D11-00A0C91BC942}") = "CORE_ttf", ".\ttf\CORE_ttf_mtdll_lib.vcproj", "{3134D10B-369D-477D-A21D-39C2E95DFEEB}"
EndProject
Project("{8BC9CEB8-8B4A-11D0-8D11-00A0C91BC942}") = "CORE_wand", ".\wand\CORE_wand_mtdll_lib.vcproj", "{034286A8-2D8B-4AB0-8C78-DA8A5FB2635C}"
EndProject
Project("{8BC9CEB8-8B4A-11D0-8D11-00A0C91BC942}") = "CORE_webp", ".\webp\CORE_webp_mtdll_lib.vcproj", "{48AD7B57-A13B-438F-BA0E-1EF4777F8024}"
EndProject
Project("{8BC9CEB8-8B4A-11D0-8D11-00A0C91BC942}") = "CORE_xlib", ".\xlib\CORE_xlib_mtdll_lib.vcproj", "{C35F66D5-3FEE-4FAA-9A26-49CAA2281E82}"
EndProject
Project("{8BC9CEB8-8B4A-11D0-8D11-00A0C91BC942}") = "CORE_zlib", ".\zlib\CORE_zlib_mtdll_lib.vcproj", "{39199699-A2B3-491F-9130-ACBE4E694715}"
EndProject
Project("{8BC9CEB8-8B4A-11D0-8D11-00A0C91BC942}") = "CORE_wmf", ".\wmf\CORE_wmf_mtdll_lib.vcproj", "{1732B9C2-33EB-43CE-8E6A-F49B42561F17}"
EndProject
Project("{8BC9CEB8-8B4A-11D0-8D11-00A0C91BC942}") = "UTIL_dcraw", ".\dcraw\UTIL_dcraw_mtdll_exe.vcproj", "{1FC206DF-7C8E-4F01-B25D-F8D04B48AA64}"
EndProject
Project("{8BC9CEB8-8B4A-11D0-8D11-00A0C91BC942}") = "UTIL_gm", ".\utilities\UTIL_gm_mtdll_exe.vcproj", "{58FE572D-EAAC-4C8C-8B0D-FCC54103A503}"
EndProject
EndProject
Global
	GlobalSection(SolutionConfiguration) = preSolution
		ConfigName.0 = Debug
		ConfigName.1 = Release
	EndGlobalSection
	GlobalSection(ProjectDependencies) = postSolution
		{3E5D3655-D3D5-46A2-AEC2-CEB48EF77858}.0 = {39199699-A2B3-491F-9130-ACBE4E694715}
		{3E5D3655-D3D5-46A2-AEC2-CEB48EF77858}.1 = {3D55A0DF-61BE-4EB3-B8FE-C6688AE51C08}
		{3E5D3655-D3D5-46A2-AEC2-CEB48EF77858}.2 = {62C0604F-BBF6-4190-8191-7E608FD8FFD2}
		{3E5D3655-D3D5-46A2-AEC2-CEB48EF77858}.3 = {444A80F7-F0FC-4BC5-BC57-0C156C00D1A0}
		{3E5D3655-D3D5-46A2-AEC2-CEB48EF77858}.4 = {C69DAE77-F856-4B27-B4C3-0F46280D2313}
		{3E5D3655-D3D5-46A2-AEC2-CEB48EF77858}.5 = {C1713312-2576-41D4-BE71-765E35EE1235}
		{3E5D3655-D3D5-46A2-AEC2-CEB48EF77858}.6 = {99E69F89-453F-4992-BDDF-CA48C477A92F}
		{3E5D3655-D3D5-46A2-AEC2-CEB48EF77858}.7 = {3B8054FB-6FBF-469E-ADF0-EC0171EB6D64}
		{3E5D3655-D3D5-46A2-AEC2-CEB48EF77858}.8 = {86F38011-B934-4462-A943-CC5C10981F74}
		{3E5D3655-D3D5-46A2-AEC2-CEB48EF77858}.9 = {9FA56218-4C26-43D6-B522-25708DD9C133}
		{3E5D3655-D3D5-46A2-AEC2-CEB48EF77858}.10 = {F072DCAE-0179-43F7-BDA0-08E33406B484}
		{3E5D3655-D3D5-46A2-AEC2-CEB48EF77858}.11 = {3134D10B-369D-477D-A21D-39C2E95DFEEB}
		{3E5D3655-D3D5-46A2-AEC2-CEB48EF77858}.12 = {034286A8-2D8B-4AB0-8C78-DA8A5FB2635C}
		{3E5D3655-D3D5-46A2-AEC2-CEB48EF77858}.13 = {48AD7B57-A13B-438F-BA0E-1EF4777F8024}
		{3E5D3655-D3D5-46A2-AEC2-CEB48EF77858}.14 = {C35F66D5-3FEE-4FAA-9A26-49CAA2281E82}
		{3E5D3655-D3D5-46A2-AEC2-CEB48EF77858}.15 = {1732B9C2-33EB-43CE-8E6A-F49B42561F17}
		{3E5D3655-D3D5-46A2-AEC2-CEB48EF77858}.16 = {F747AE02-A0A4-470B-AFDF-91E44D30A5DC}
		{3E5D3655-D3D5-46A2-AEC2-CEB48EF77858}.17 = {FB888B3D-ACF4-48E0-B549-DFE10B4E8EA2}
		{3E5D3655-D3D5-46A2-AEC2-CEB48EF77858}.18 = {1FC206DF-7C8E-4F01-B25D-F8D04B48AA64}
		{3E5D3655-D3D5-46A2-AEC2-CEB48EF77858}.19 = {58FE572D-EAAC-4C8C-8B0D-FCC54103A503}
		{1FC206DF-7C8E-4F01-B25D-F8D04B48AA64}.0 = {39199699-A2B3-491F-9130-ACBE4E694715}
		{1FC206DF-7C8E-4F01-B25D-F8D04B48AA64}.1 = {3D55A0DF-61BE-4EB3-B8FE-C6688AE51C08}
		{1FC206DF-7C8E-4F01-B25D-F8D04B48AA64}.2 = {62C0604F-BBF6-4190-8191-7E608FD8FFD2}
		{1FC206DF-7C8E-4F01-B25D-F8D04B48AA64}.3 = {444A80F7-F0FC-4BC5-BC57-0C156C00D1A0}
		{1FC206DF-7C8E-4F01-B25D-F8D04B48AA64}.4 = {C69DAE77-F856-4B27-B4C3-0F46280D2313}
		{1FC206DF-7C8E-4F01-B25D-F8D04B48AA64}.5 = {C1713312-2576-41D4-BE71-765E35EE1235}
		{1FC206DF-7C8E-4F01-B25D-F8D04B48AA64}.6 = {99E69F89-453F-4992-BDDF-CA48C477A92F}
		{1FC206DF-7C8E-4F01-B25D-F8D04B48AA64}.7 = {3B8054FB-6FBF-469E-ADF0-EC0171EB6D64}
		{1FC206DF-7C8E-4F01-B25D-F8D04B48AA64}.8 = {86F38011-B934-4462-A943-CC5C10981F74}
		{1FC206DF-7C8E-4F01-B25D-F8D04B48AA64}.9 = {9FA56218-4C26-43D6-B522-25708DD9C133}
		{1FC206DF-7C8E-4F01-B25D-F8D04B48AA64}.10 = {F072DCAE-0179-43F7-BDA0-08E33406B484}
		{1FC206DF-7C8E-4F01-B25D-F8D04B48AA64}.11 = {3134D10B-369D-477D-A21D-39C2E95DFEEB}
		{1FC206DF-7C8E-4F01-B25D-F8D04B48AA64}.12 = {034286A8-2D8B-4AB0-8C78-DA8A5FB2635C}
		{1FC206DF-7C8E-4F01-B25D-F8D04B48AA64}.13 = {48AD7B57-A13B-438F-BA0E-1EF4777F8024}
		{1FC206DF-7C8E-4F01-B25D-F8D04B48AA64}.14 = {C35F66D5-3FEE-4FAA-9A26-49CAA2281E82}
		{1FC206DF-7C8E-4F01-B25D-F8D04B48AA64}.15 = {1732B9C2-33EB-43CE-8E6A-F49B42561F17}
		{1FC206DF-7C8E-4F01-B25D-F8D04B48AA64}.16 = {F747AE02-A0A4-470B-AFDF-91E44D30A5DC}
		{58FE572D-EAAC-4C8C-8B0D-FCC54103A503}.0 = {39199699-A2B3-491F-9130-ACBE4E694715}
		{58FE572D-EAAC-4C8C-8B0D-FCC54103A503}.1 = {3D55A0DF-61BE-4EB3-B8FE-C6688AE51C08}
		{58FE572D-EAAC-4C8C-8B0D-FCC54103A503}.2 = {62C0604F-BBF6-4190-8191-7E608FD8FFD2}
		{58FE572D-EAAC-4C8C-8B0D-FCC54103A503}.3 = {444A80F7-F0FC-4BC5-BC57-0C156C00D1A0}
		{58FE572D-EAAC-4C8C-8B0D-FCC54103A503}.4 = {C69DAE77-F856-4B27-B4C3-0F46280D2313}
		{58FE572D-EAAC-4C8C-8B0D-FCC54103A503}.5 = {C1713312-2576-41D4-BE71-765E35EE1235}
		{58FE572D-EAAC-4C8C-8B0D-FCC54103A503}.6 = {99E69F89-453F-4992-BDDF-CA48C477A92F}
		{58FE572D-EAAC-4C8C-8B0D-FCC54103A503}.7 = {3B8054FB-6FBF-469E-ADF0-EC0171EB6D64}
		{58FE572D-EAAC-4C8C-8B0D-FCC54103A503}.8 = {86F38011-B934-4462-A943-CC5C10981F74}
		{58FE572D-EAAC-4C8C-8B0D-FCC54103A503}.9 = {9FA56218-4C26-43D6-B522-25708DD9C133}
		{58FE572D-EAAC-4C8C-8B0D-FCC54103A503}.10 = {F072DCAE-0179-43F7-BDA0-08E33406B484}
		{58FE572D-EAAC-4C8C-8B0D-FCC54103A503}.11 = {3134D10B-369D-477D-A21D-39C2E95DFEEB}
		{58FE572D-EAAC-4C8C-8B0D-FCC54103A503}.12 = {034286A8-2D8B-4AB0-8C78-DA8A5FB2635C}
		{58FE572D-EAAC-4C8C-8B0D-FCC54103A503}.13 = {48AD7B57-A13B-438F-BA0E-1EF4777F8024}
		{58FE572D-EAAC-4C8C-8B0D-FCC54103A503}.14 = {C35F66D5-3FEE-4FAA-9A26-49CAA2281E82}
		{58FE572D-EAAC-4C8C-8B0D-FCC54103A503}.15 = {1732B9C2-33EB-43CE-8E6A-F49B42561F17}
		{58FE572D-EAAC-4C8C-8B0D-FCC54103A503}.16 = {F747AE02-A0A4-470B-AFDF-91E44D30A5DC}
	EndGlobalSection
	GlobalSection(ProjectConfiguration) = postSolution
		{3E5D3655-D3D5-46A2-AEC2-CEB48EF77858}.Debug.ActiveCfg = Debug|x64
		{3E5D3655-D3D5-46A2-AEC2-CEB48EF77858}.Debug.Build.0 = Debug|x64
		{3E5D3655-D3D5-46A2-AEC2-CEB48EF77858}.Release.ActiveCfg = Release|x64
		{3E5D3655-D3D5-46A2-AEC2-CEB48EF77858}.Release.Build.0 = Release|x64
		{3D55A0DF-61BE-4EB3-B8FE-C6688AE51C08}.Debug.ActiveCfg = Debug|x64
		{3D55A0DF-61BE-4EB3-B8FE-C6688AE51C08}.Debug.Build.0 = Debug|x64
		{3D55A0DF-61BE-4EB3-B8FE-C6688AE51C08}.Release.ActiveCfg = Release|x64
		{3D55A0DF-61BE-4EB3-B8FE-C6688AE51C08}.Release.Build.0 = Release|x64
		{444A80F7-F0FC-4BC5-BC57-0C156C00D1A0}.Debug.ActiveCfg = Debug|x64
		{444A80F7-F0FC-4BC5-BC57-0C156C00D1A0}.Debug.Build.0 = Debug|x64
		{444A80F7-F0FC-4BC5-BC57-0C156C00D1A0}.Release.ActiveCfg = Release|x64
		{444A80F7-F0FC-4BC5-BC57-0C156C00D1A0}.Release.Build.0 = Release|x64
		{C69DAE77-F856-4B27-B4C3-0F46280D2313}.Debug.ActiveCfg = Debug|x64
		{C69DAE77-F856-4B27-B4C3-0F46280D2313}.Debug.Build.0 = Debug|x64
		{C69DAE77-F856-4B27-B4C3-0F46280D2313}.Release.ActiveCfg = Release|x64
		{C69DAE77-F856-4B27-B4C3-0F46280D2313}.Release.Build.0 = Release|x64
		{C1713312-2576-41D4-BE71-765E35EE1235}.Debug.ActiveCfg = Debug|x64
		{C1713312-2576-41D4-BE71-765E35EE1235}.Debug.Build.0 = Debug|x64
		{C1713312-2576-41D4-BE71-765E35EE1235}.Release.ActiveCfg = Release|x64
		{C1713312-2576-41D4-BE71-765E35EE1235}.Release.Build.0 = Release|x64
		{99E69F89-453F-4992-BDDF-CA48C477A92F}.Debug.ActiveCfg = Debug|x64
		{99E69F89-453F-4992-BDDF-CA48C477A92F}.Debug.Build.0 = Debug|x64
		{99E69F89-453F-4992-BDDF-CA48C477A92F}.Release.ActiveCfg = Release|x64
		{99E69F89-453F-4992-BDDF-CA48C477A92F}.Release.Build.0 = Release|x64
		{62C0604F-BBF6-4190-8191-7E608FD8FFD2}.Debug.ActiveCfg = Debug|x64
		{62C0604F-BBF6-4190-8191-7E608FD8FFD2}.Debug.Build.0 = Debug|x64
		{62C0604F-BBF6-4190-8191-7E608FD8FFD2}.Release.ActiveCfg = Release|x64
		{62C0604F-BBF6-4190-8191-7E608FD8FFD2}.Release.Build.0 = Release|x64
		{3B8054FB-6FBF-469E-ADF0-EC0171EB6D64}.Debug.ActiveCfg = Debug|x64
		{3B8054FB-6FBF-469E-ADF0-EC0171EB6D64}.Debug.Build.0 = Debug|x64
		{3B8054FB-6FBF-469E-ADF0-EC0171EB6D64}.Release.ActiveCfg = Release|x64
		{3B8054FB-6FBF-469E-ADF0-EC0171EB6D64}.Release.Build.0 = Release|x64
		{86F38011-B934-4462-A943-CC5C10981F74}.Debug.ActiveCfg = Debug|x64
		{86F38011-B934-4462-A943-CC5C10981F74}.Debug.Build.0 = Debug|x64
		{86F38011-B934-4462-A943-CC5C10981F74}.Release.ActiveCfg = Release|x64
		{86F38011-B934-4462-A943-CC5C10981F74}.Release.Build.0 = Release|x64
		{F747AE02-A0A4-470B-AFDF-91E44D30A5DC}.Debug.ActiveCfg = Debug|x64
		{F747AE02-A0A4-470B-AFDF-91E44D30A5DC}.Debug.Build.0 = Debug|x64
		{F747AE02-A0A4-470B-AFDF-91E44D30A5DC}.Release.ActiveCfg = Release|x64
		{F747AE02-A0A4-470B-AFDF-91E44D30A5DC}.Release.Build.0 = Release|x64
		{FB888B3D-ACF4-48E0-B549-DFE10B4E8EA2}.Debug.ActiveCfg = Debug|x64
		{FB888B3D-ACF4-48E0-B549-DFE10B4E8EA2}.Debug.Build.0 = Debug|x64
		{FB888B3D-ACF4-48E0-B549-DFE10B4E8EA2}.Release.ActiveCfg = Release|x64
		{FB888B3D-ACF4-48E0-B549-DFE10B4E8EA2}.Release.Build.0 = Release|x64
		{9FA56218-4C26-43D6-B522-25708DD9C133}.Debug.ActiveCfg = Debug|x64
		{9FA56218-4C26-43D6-B522-25708DD9C133}.Debug.Build.0 = Debug|x64
		{9FA56218-4C26-43D6-B522-25708DD9C133}.Release.ActiveCfg = Release|x64
		{9FA56218-4C26-43D6-B522-25708DD9C133}.Release.Build.0 = Release|x64
		{F072DCAE-0179-43F7-BDA0-08E33406B484}.Debug.ActiveCfg = Debug|x64
		{F072DCAE-0179-43F7-BDA0-08E33406B484}.Debug.Build.0 = Debug|x64
		{F072DCAE-0179-43F7-BDA0-08E33406B484}.Release.ActiveCfg = Release|x64
		{F072DCAE-0179-43F7-BDA0-08E33406B484}.Release.Build.0 = Release|x64
		{3134D10B-369D-477D-A21D-39C2E95DFEEB}.Debug.ActiveCfg = Debug|x64
		{3134D10B-369D-477D-A21D-39C2E95DFEEB}.Debug.Build.0 = Debug|x64
		{3134D10B-369D-477D-A21D-39C2E95DFEEB}.Release.ActiveCfg = Release|x64
		{3134D10B-369D-477D-A21D-39C2E95DFEEB}.Release.Build.0 = Release|x64
		{034286A8-2D8B-4AB0-8C78-DA8A5FB2635C}.Debug.ActiveCfg = Debug|x64
		{034286A8-2D8B-4AB0-8C78-DA8A5FB2635C}.Debug.Build.0 = Debug|x64
		{034286A8-2D8B-4AB0-8C78-DA8A5FB2635C}.Release.ActiveCfg = Release|x64
		{034286A8-2D8B-4AB0-8C78-DA8A5FB2635C}.Release.Build.0 = Release|x64
		{48AD7B57-A13B-438F-BA0E-1EF4777F8024}.Debug.ActiveCfg = Debug|x64
		{48AD7B57-A13B-438F-BA0E-1EF4777F8024}.Debug.Build.0 = Debug|x64
		{48AD7B57-A13B-438F-BA0E-1EF4777F8024}.Release.ActiveCfg = Release|x64
		{48AD7B57-A13B-438F-BA0E-1EF4777F8024}.Release.Build.0 = Release|x64
		{C35F66D5-3FEE-4FAA-9A26-49CAA2281E82}.Debug.ActiveCfg = Debug|x64
		{C35F66D5-3FEE-4FAA-9A26-49CAA2281E82}.Debug.Build.0 = Debug|x64
		{C35F66D5-3FEE-4FAA-9A26-49CAA2281E82}.Release.ActiveCfg = Release|x64
		{C35F66D5-3FEE-4FAA-9A26-49CAA2281E82}.Release.Build.0 = Release|x64
		{39199699-A2B3-491F-9130-ACBE4E694715}.Debug.ActiveCfg = Debug|x64
		{39199699-A2B3-491F-9130-ACBE4E694715}.Debug.Build.0 = Debug|x64
		{39199699-A2B3-491F-9130-ACBE4E694715}.Release.ActiveCfg = Release|x64
		{39199699-A2B3-491F-9130-ACBE4E694715}.Release.Build.0 = Release|x64
		{1732B9C2-33EB-43CE-8E6A-F49B42561F17}.Debug.ActiveCfg = Debug|x64
		{1732B9C2-33EB-43CE-8E6A-F49B42561F17}.Debug.Build.0 = Debug|x64
		{1732B9C2-33EB-43CE-8E6A-F49B42561F17}.Release.ActiveCfg = Release|x64
		{1732B9C2-33EB-43CE-8E6A-F49B42561F17}.Release.Build.0 = Release|x64
		{1FC206DF-7C8E-4F01-B25D-F8D04B48AA64}.Debug.ActiveCfg = Debug|x64
		{1FC206DF-7C8E-4F01-B25D-F8D04B48AA64}.Debug.Build.0 = Debug|x64
		{1FC206DF-7C8E-4F01-B25D-F8D04B48AA64}.Release.ActiveCfg = Release|x64
		{1FC206DF-7C8E-4F01-B25D-F8D04B48AA64}.Release.Build.0 = Release|x64
		{58FE572D-EAAC-4C8C-8B0D-FCC54103A503}.Debug.ActiveCfg = Debug|x64
		{58FE572D-EAAC-4C8C-8B0D-FCC54103A503}.Debug.Build.0 = Debug|x64
		{58FE572D-EAAC-4C8C-8B0D-FCC54103A503}.Release.ActiveCfg = Release|x64
		{58FE572D-EAAC-4C8C-8B0D-FCC54103A503}.Release.Build.0 = Release|x64
	EndGlobalSection
	GlobalSection(ExtensibilityGlobals) = postSolution
	EndGlobalSection
	GlobalSection(ExtensibilityAddIns) = postSolution
	EndGlobalSection
EndGlobal
